PODS:
  - Nimble (9.0.0)
  - OHHTTPStubs/Core (9.1.0)
  - OHHTTPStubs/Default (9.1.0):
    - OHHTTPStubs/Core
    - OHHTTPStubs/JSON
    - OHHTTPStubs/NSURLSession
    - OHHTTPStubs/OHPathHelpers
  - OHHTTPStubs/JSON (9.1.0):
    - OHHTTPStubs/Core
  - OHHTTPStubs/NSURLSession (9.1.0):
    - OHHTTPStubs/Core
  - OHHTTPStubs/OHPathHelpers (9.1.0)
  - OHHTTPStubs/Swift (9.1.0):
    - OHHTTPStubs/Default
  - Quick (3.1.2)
  - SwiftLint (0.43.0)

DEPENDENCIES:
  - Nimble (~> 9.0)
  - OHHTTPStubs/Swift (~> 9.1)
  - Quick (~> 3.1)
  - SwiftLint (~> 0.43)

SPEC REPOS:
  trunk:
    - Nimble
    - OHHTTPStubs
    - Quick
    - SwiftLint

SPEC CHECKSUMS:
  Nimble: 3b4ec3fd40f1dc178058e0981107721c615643d8
  OHHTTPStubs: 90eac6d8f2c18317baeca36698523dc67c513831
  Quick: 60f0ea3b8e0cfc0df3259a5c06a238ad8b3c46e0
  SwiftLint: 0c645fdc6feed3e390c1701ab3cc669f88b42752

PODFILE CHECKSUM: 341d685788b74dfb41f7c8538880695a5efe1498

COCOAPODS: 1.10.1
