// !$*UTF8*$!
{
	archiveVersion = 1;
	classes = {
	};
	objectVersion = 52;
	objects = {

/* Begin PBXBuildFile section */
		1F0ACDFF222C26D0004E0361 /* PlaintextPrettyPrinter.swift in Sources */ = {isa = PBXBuildFile; fileRef = 1F0ACDFD222C26D0004E0361 /* PlaintextPrettyPrinter.swift */; };
		1F0ACE00222C26D0004E0361 /* PrettyPrinter.swift in Sources */ = {isa = PBXBuildFile; fileRef = 1F0ACDFE222C26D0004E0361 /* PrettyPrinter.swift */; };
		1F0EB9DF219DB32300060F28 /* MockFloretStorage.swift in Sources */ = {isa = PBXBuildFile; fileRef = 1F0EB9DB219DB32300060F28 /* MockFloretStorage.swift */; };
		1F0EB9E0219DB32300060F28 /* MockFloret.swift in Sources */ = {isa = PBXBuildFile; fileRef = 1F0EB9DC219DB32300060F28 /* MockFloret.swift */; };
		1F0EB9E1219DB32300060F28 /* MD5Digest.swift in Sources */ = {isa = PBXBuildFile; fileRef = 1F0EB9DD219DB32300060F28 /* MD5Digest.swift */; };
		1F0EB9E3219DB4C800060F28 /* MockRecordSerializer.swift in Sources */ = {isa = PBXBuildFile; fileRef = 1F0EB9E2219DB4C800060F28 /* MockRecordSerializer.swift */; };
		1F18B1A4210EF9F500CEDD42 /* Storage.swift in Sources */ = {isa = PBXBuildFile; fileRef = 1F18B1A2210EF9F500CEDD42 /* Storage.swift */; };
		1F18B1A5210EF9F500CEDD42 /* MemoryStorage.swift in Sources */ = {isa = PBXBuildFile; fileRef = 1F18B1A3210EF9F500CEDD42 /* MemoryStorage.swift */; };
		1F19EFF025FD0550009A3A48 /* Frequently Asked Questions.md in Resources */ = {isa = PBXBuildFile; fileRef = 1F19EFEF25FD0550009A3A48 /* Frequently Asked Questions.md */; };
		1F19EFF425FD0554009A3A48 /* Florets.md in Resources */ = {isa = PBXBuildFile; fileRef = 1F19EFF325FD0554009A3A48 /* Florets.md */; };
		1F23D35021EBCBC000D6E316 /* Architecture.md in Resources */ = {isa = PBXBuildFile; fileRef = 1F23D32121EBCBC000D6E316 /* Architecture.md */; };
		1F23D35121EBCBC000D6E316 /* Configuring Cauli.md in Resources */ = {isa = PBXBuildFile; fileRef = 1F23D32221EBCBC000D6E316 /* Configuring Cauli.md */; };
		1F23D35221EBCBC000D6E316 /* Writing Your Own Plugin.md in Resources */ = {isa = PBXBuildFile; fileRef = 1F23D32321EBCBC000D6E316 /* Writing Your Own Plugin.md */; };
		1F23D35521EBCBD300D6E316 /* CHANGELOG.md in Resources */ = {isa = PBXBuildFile; fileRef = 1F23D35321EBCBD300D6E316 /* CHANGELOG.md */; };
		1F23D35621EBCBD300D6E316 /* README.md in Resources */ = {isa = PBXBuildFile; fileRef = 1F23D35421EBCBD300D6E316 /* README.md */; };
		1F45CF1D221338D500DA929D /* InspectorTableViewDatasource.swift in Sources */ = {isa = PBXBuildFile; fileRef = 1F45CF1C221338D500DA929D /* InspectorTableViewDatasource.swift */; };
		1F4AE5B021F8427F00F91402 /* CauliAuthenticationChallengeProxy.swift in Sources */ = {isa = PBXBuildFile; fileRef = 1F4AE5AF21F8427F00F91402 /* CauliAuthenticationChallengeProxy.swift */; };
		1F644F4A211B620B004C4271 /* WeakReference.swift in Sources */ = {isa = PBXBuildFile; fileRef = 1F644F49211B620B004C4271 /* WeakReference.swift */; };
		1F6BB4562163609100D56F4F /* Configuration.swift in Sources */ = {isa = PBXBuildFile; fileRef = 1F6BB4552163609100D56F4F /* Configuration.swift */; };
		1F7001C1216B8128007A9355 /* CauliURLProtocolSpec.swift in Sources */ = {isa = PBXBuildFile; fileRef = 1F7001C0216B8128007A9355 /* CauliURLProtocolSpec.swift */; };
		1F7001C4216B8250007A9355 /* CauliURLProtocolDelegateStub.swift in Sources */ = {isa = PBXBuildFile; fileRef = 1F7001C3216B8250007A9355 /* CauliURLProtocolDelegateStub.swift */; };
		1F7BF22C20F77B0A0023D219 /* CauliURLProtocolDelegate.swift in Sources */ = {isa = PBXBuildFile; fileRef = 1F7BF22B20F77B0A0023D219 /* CauliURLProtocolDelegate.swift */; };
		1F7BF22E20F77B6C0023D219 /* Record.swift in Sources */ = {isa = PBXBuildFile; fileRef = 1F7BF22D20F77B6C0023D219 /* Record.swift */; };
		1F7BF23020F790F50023D219 /* URLSessionConfiguration+Swizzling.swift in Sources */ = {isa = PBXBuildFile; fileRef = 1F7BF22F20F790F50023D219 /* URLSessionConfiguration+Swizzling.swift */; };
		1F80E2CC21E2AB2800F1EA01 /* SwappedURLRequest.swift in Sources */ = {isa = PBXBuildFile; fileRef = 1F80E2CA21E2AB2800F1EA01 /* SwappedURLRequest.swift */; };
		1F80E2CD21E2AB2800F1EA01 /* SwappedResponse.swift in Sources */ = {isa = PBXBuildFile; fileRef = 1F80E2CB21E2AB2800F1EA01 /* SwappedResponse.swift */; };
		1F891AEB22271221000ECD61 /* HTTPBodyStreamFloret.swift in Sources */ = {isa = PBXBuildFile; fileRef = 1F891AEA22271221000ECD61 /* HTTPBodyStreamFloret.swift */; };
		1F8C2A1521D794BD009D0382 /* CauliSpec.swift in Sources */ = {isa = PBXBuildFile; fileRef = 1F8C2A1421D794BD009D0382 /* CauliSpec.swift */; };
		1F95025D25F6816C006F8262 /* MapRemoteFloret.swift in Sources */ = {isa = PBXBuildFile; fileRef = 1F95025C25F6816C006F8262 /* MapRemoteFloret.swift */; };
		1F95026325F681F5006F8262 /* Mapping.swift in Sources */ = {isa = PBXBuildFile; fileRef = 1F95026225F681F5006F8262 /* Mapping.swift */; };
		1F95026A25F68A28006F8262 /* MappingsListViewController.swift in Sources */ = {isa = PBXBuildFile; fileRef = 1F95026925F68A28006F8262 /* MappingsListViewController.swift */; };
		1F95026E25F68A4A006F8262 /* MappingsListDataSource.swift in Sources */ = {isa = PBXBuildFile; fileRef = 1F95026D25F68A4A006F8262 /* MappingsListDataSource.swift */; };
		1FA4A50A21B7C40100F1CA6B /* RecordItemTableViewCell.swift in Sources */ = {isa = PBXBuildFile; fileRef = 1FA4A50321B7C40100F1CA6B /* RecordItemTableViewCell.swift */; };
		1FA4A50B21B7C40100F1CA6B /* RecordTableViewDatasource.swift in Sources */ = {isa = PBXBuildFile; fileRef = 1FA4A50421B7C40100F1CA6B /* RecordTableViewDatasource.swift */; };
		1FA4A50C21B7C40100F1CA6B /* RecordTableViewController.swift in Sources */ = {isa = PBXBuildFile; fileRef = 1FA4A50521B7C40100F1CA6B /* RecordTableViewController.swift */; };
		1FA4A50D21B7C40100F1CA6B /* InspectorRecordTableViewCell.swift in Sources */ = {isa = PBXBuildFile; fileRef = 1FA4A50721B7C40100F1CA6B /* InspectorRecordTableViewCell.swift */; };
		1FA4A50E21B7C40100F1CA6B /* InspectorTableViewController.swift in Sources */ = {isa = PBXBuildFile; fileRef = 1FA4A50821B7C40100F1CA6B /* InspectorTableViewController.swift */; };
		1FA4A52321C92A1A00F1CA6B /* SwappedRecord.swift in Sources */ = {isa = PBXBuildFile; fileRef = 1FA4A52221C92A1A00F1CA6B /* SwappedRecord.swift */; };
		1FB1FF58219DB75E0021B4F4 /* UIWindow+Shake.swift in Sources */ = {isa = PBXBuildFile; fileRef = 1FB1FF55219DB75E0021B4F4 /* UIWindow+Shake.swift */; };
		1FB1FF5A219DB7DD0021B4F4 /* ViewControllerShakePresenter.swift in Sources */ = {isa = PBXBuildFile; fileRef = 1FB1FF59219DB7DD0021B4F4 /* ViewControllerShakePresenter.swift */; };
		1FB3296F2181CBCD001CA03D /* RecordSelector.swift in Sources */ = {isa = PBXBuildFile; fileRef = 1FB3296E2181CBCD001CA03D /* RecordSelector.swift */; };
		1FBE790521A1A271004C81A7 /* InspectorFloret.swift in Sources */ = {isa = PBXBuildFile; fileRef = 1FBE790421A1A271004C81A7 /* InspectorFloret.swift */; };
		1FBE790D21A1A572004C81A7 /* TagLabel.swift in Sources */ = {isa = PBXBuildFile; fileRef = 1FBE790C21A1A572004C81A7 /* TagLabel.swift */; };
		1FD0F8812150F0A000BD383B /* Collection+ReduceAsnyc.swift in Sources */ = {isa = PBXBuildFile; fileRef = 1FD0F8802150F0A000BD383B /* Collection+ReduceAsnyc.swift */; };
		1FE3F72F20F64A2B00233C7C /* Cauliframework.framework in Frameworks */ = {isa = PBXBuildFile; fileRef = 1FE3F72520F64A2B00233C7C /* Cauliframework.framework */; };
		1FE3F73620F64A2B00233C7C /* Cauli.h in Headers */ = {isa = PBXBuildFile; fileRef = 1FE3F72820F64A2B00233C7C /* Cauli.h */; settings = {ATTRIBUTES = (Public, ); }; };
		1FE3F74020F64AA000233C7C /* Cauli.swift in Sources */ = {isa = PBXBuildFile; fileRef = 1FE3F73F20F64AA000233C7C /* Cauli.swift */; };
		1FE3F74220F64C6700233C7C /* CauliURLProtocol.swift in Sources */ = {isa = PBXBuildFile; fileRef = 1FE3F74120F64C6700233C7C /* CauliURLProtocol.swift */; };
		1FF25CF92275EDD800008E51 /* NSError+NetworkErrorShortString.swift in Sources */ = {isa = PBXBuildFile; fileRef = 1FF25CF82275EDD800008E51 /* NSError+NetworkErrorShortString.swift */; };
		1FFFE7D621AC7C080040B805 /* Record+Fake.swift in Sources */ = {isa = PBXBuildFile; fileRef = 1FFFE7D121AC7C080040B805 /* Record+Fake.swift */; };
		1FFFE7D721AC7C080040B805 /* MemoryStorageSpec.swift in Sources */ = {isa = PBXBuildFile; fileRef = 1FFFE7D221AC7C080040B805 /* MemoryStorageSpec.swift */; };
		5005E53D222BE0C800BD5DF7 /* DisplayingFloret.swift in Sources */ = {isa = PBXBuildFile; fileRef = 5005E53C222BE0C700BD5DF7 /* DisplayingFloret.swift */; };
		5005E53F222BE0D400BD5DF7 /* InterceptingFloret.swift in Sources */ = {isa = PBXBuildFile; fileRef = 5005E53E222BE0D400BD5DF7 /* InterceptingFloret.swift */; };
		5042C4D221EBE1B500652AC6 /* CauliViewController.swift in Sources */ = {isa = PBXBuildFile; fileRef = 5042C4CF21EBE1B500652AC6 /* CauliViewController.swift */; };
		5042C4D421EBE1B500652AC6 /* SwitchTableViewCell.swift in Sources */ = {isa = PBXBuildFile; fileRef = 5042C4D121EBE1B500652AC6 /* SwitchTableViewCell.swift */; };
		5044B7E821F2853A006908B2 /* NoCacheFloret.swift in Sources */ = {isa = PBXBuildFile; fileRef = 5044B7E721F2853A006908B2 /* NoCacheFloret.swift */; };
		5044B7EA21F28555006908B2 /* NoCacheFloretSpec.swift in Sources */ = {isa = PBXBuildFile; fileRef = 5044B7E921F28555006908B2 /* NoCacheFloretSpec.swift */; };
		50576BBA210E173C0085DF5E /* Floret.swift in Sources */ = {isa = PBXBuildFile; fileRef = 50576BB9210E173C0085DF5E /* Floret.swift */; };
		505B4BEE21AC5BF1008A9836 /* URLResponseRepresentableSpec.swift in Sources */ = {isa = PBXBuildFile; fileRef = 505B4BED21AC5BF1008A9836 /* URLResponseRepresentableSpec.swift */; };
		505B4BF121AC5C91008A9836 /* URLResponse+Fake.swift in Sources */ = {isa = PBXBuildFile; fileRef = 505B4BF021AC5C91008A9836 /* URLResponse+Fake.swift */; };
		50616E4A214D12C100C8092D /* Response.swift in Sources */ = {isa = PBXBuildFile; fileRef = 50616E49214D12C100C8092D /* Response.swift */; };
		50616E4C214D130C00C8092D /* Result.swift in Sources */ = {isa = PBXBuildFile; fileRef = 50616E4B214D130C00C8092D /* Result.swift */; };
		5087DE9C21330018005B7080 /* URLResponseRepresentable.swift in Sources */ = {isa = PBXBuildFile; fileRef = 5087DE9B21330018005B7080 /* URLResponseRepresentable.swift */; };
		5087DE9E21331041005B7080 /* NSError+Codable.swift in Sources */ = {isa = PBXBuildFile; fileRef = 5087DE9D21331041005B7080 /* NSError+Codable.swift */; };
		50A53E4B21B1799000DCB517 /* HTTPURLResponse+Fake.swift in Sources */ = {isa = PBXBuildFile; fileRef = 50A53E4921B1799000DCB517 /* HTTPURLResponse+Fake.swift */; };
		50A6CFB821178E2200FC57E7 /* URLRequest+Codable.swift in Sources */ = {isa = PBXBuildFile; fileRef = 50A6CFB721178E2200FC57E7 /* URLRequest+Codable.swift */; };
		50ABECFF21C834A5009667E1 /* FindReplaceFloretSpec.swift in Sources */ = {isa = PBXBuildFile; fileRef = 50ABECFE21C834A5009667E1 /* FindReplaceFloretSpec.swift */; };
		50B6C944212DF2D500BB1E57 /* NSError+Cauli.swift in Sources */ = {isa = PBXBuildFile; fileRef = 50B6C943212DF2D500BB1E57 /* NSError+Cauli.swift */; };
		50E068E821C67E0C00A9DFA8 /* FindReplaceFloret.swift in Sources */ = {isa = PBXBuildFile; fileRef = 50E068E721C67E0C00A9DFA8 /* FindReplaceFloret.swift */; };
		50E068EA21C67E2300A9DFA8 /* RecordModifier.swift in Sources */ = {isa = PBXBuildFile; fileRef = 50E068E921C67E2300A9DFA8 /* RecordModifier.swift */; };
		5C51E3BE2AC193F800E5720D /* InspectorFloretFormatterType.swift in Sources */ = {isa = PBXBuildFile; fileRef = 5C51E3BB2AC193F800E5720D /* InspectorFloretFormatterType.swift */; };
		5C51E3BF2AC193F800E5720D /* RecordListFormattedData.swift in Sources */ = {isa = PBXBuildFile; fileRef = 5C51E3BC2AC193F800E5720D /* RecordListFormattedData.swift */; };
		5C51E3C02AC193F800E5720D /* InspectorFloretFormatter.swift in Sources */ = {isa = PBXBuildFile; fileRef = 5C51E3BD2AC193F800E5720D /* InspectorFloretFormatter.swift */; };
		5C58F7512ABDE72A0092D5F4 /* InspectorRecordTableViewCell.xib in Resources */ = {isa = PBXBuildFile; fileRef = 5C58F74F2ABDE72A0092D5F4 /* InspectorRecordTableViewCell.xib */; };
		5C58F7522ABDE72A0092D5F4 /* SwitchTableViewCell.xib in Resources */ = {isa = PBXBuildFile; fileRef = 5C58F7502ABDE72A0092D5F4 /* SwitchTableViewCell.xib */; };
		5CADABF42ABDC79400ECB901 /* OHHTTPStubsSwift in Frameworks */ = {isa = PBXBuildFile; productRef = 5CADABF32ABDC79400ECB901 /* OHHTTPStubsSwift */; };
		5CADABF72ABDC7FC00ECB901 /* Quick in Frameworks */ = {isa = PBXBuildFile; productRef = 5CADABF62ABDC7FC00ECB901 /* Quick */; };
		5CADABFA2ABDC93000ECB901 /* Nimble in Frameworks */ = {isa = PBXBuildFile; productRef = 5CADABF92ABDC93000ECB901 /* Nimble */; };
/* End PBXBuildFile section */

/* Begin PBXContainerItemProxy section */
		1FE3F73020F64A2B00233C7C /* PBXContainerItemProxy */ = {
			isa = PBXContainerItemProxy;
			containerPortal = 1FE3F71C20F64A2B00233C7C /* Project object */;
			proxyType = 1;
			remoteGlobalIDString = 1FE3F72420F64A2B00233C7C;
			remoteInfo = Cauli;
		};
/* End PBXContainerItemProxy section */

/* Begin PBXFileReference section */
		1F0ACDFD222C26D0004E0361 /* PlaintextPrettyPrinter.swift */ = {isa = PBXFileReference; fileEncoding = 4; lastKnownFileType = sourcecode.swift; path = PlaintextPrettyPrinter.swift; sourceTree = "<group>"; };
		1F0ACDFE222C26D0004E0361 /* PrettyPrinter.swift */ = {isa = PBXFileReference; fileEncoding = 4; lastKnownFileType = sourcecode.swift; path = PrettyPrinter.swift; sourceTree = "<group>"; };
		1F0EB9DB219DB32300060F28 /* MockFloretStorage.swift */ = {isa = PBXFileReference; fileEncoding = 4; lastKnownFileType = sourcecode.swift; path = MockFloretStorage.swift; sourceTree = "<group>"; };
		1F0EB9DC219DB32300060F28 /* MockFloret.swift */ = {isa = PBXFileReference; fileEncoding = 4; lastKnownFileType = sourcecode.swift; path = MockFloret.swift; sourceTree = "<group>"; };
		1F0EB9DD219DB32300060F28 /* MD5Digest.swift */ = {isa = PBXFileReference; fileEncoding = 4; lastKnownFileType = sourcecode.swift; path = MD5Digest.swift; sourceTree = "<group>"; };
		1F0EB9E2219DB4C800060F28 /* MockRecordSerializer.swift */ = {isa = PBXFileReference; fileEncoding = 4; lastKnownFileType = sourcecode.swift; path = MockRecordSerializer.swift; sourceTree = "<group>"; };
		1F18B1A2210EF9F500CEDD42 /* Storage.swift */ = {isa = PBXFileReference; fileEncoding = 4; lastKnownFileType = sourcecode.swift; path = Storage.swift; sourceTree = "<group>"; };
		1F18B1A3210EF9F500CEDD42 /* MemoryStorage.swift */ = {isa = PBXFileReference; fileEncoding = 4; lastKnownFileType = sourcecode.swift; path = MemoryStorage.swift; sourceTree = "<group>"; };
		1F19EFEF25FD0550009A3A48 /* Frequently Asked Questions.md */ = {isa = PBXFileReference; fileEncoding = 4; lastKnownFileType = net.daringfireball.markdown; path = "Frequently Asked Questions.md"; sourceTree = "<group>"; };
		1F19EFF325FD0554009A3A48 /* Florets.md */ = {isa = PBXFileReference; fileEncoding = 4; lastKnownFileType = net.daringfireball.markdown; path = Florets.md; sourceTree = "<group>"; };
		1F23D32121EBCBC000D6E316 /* Architecture.md */ = {isa = PBXFileReference; fileEncoding = 4; lastKnownFileType = net.daringfireball.markdown; path = Architecture.md; sourceTree = "<group>"; };
		1F23D32221EBCBC000D6E316 /* Configuring Cauli.md */ = {isa = PBXFileReference; fileEncoding = 4; lastKnownFileType = net.daringfireball.markdown; path = "Configuring Cauli.md"; sourceTree = "<group>"; };
		1F23D32321EBCBC000D6E316 /* Writing Your Own Plugin.md */ = {isa = PBXFileReference; fileEncoding = 4; lastKnownFileType = net.daringfireball.markdown; path = "Writing Your Own Plugin.md"; sourceTree = "<group>"; };
		1F23D35321EBCBD300D6E316 /* CHANGELOG.md */ = {isa = PBXFileReference; fileEncoding = 4; lastKnownFileType = net.daringfireball.markdown; path = CHANGELOG.md; sourceTree = SOURCE_ROOT; };
		1F23D35421EBCBD300D6E316 /* README.md */ = {isa = PBXFileReference; fileEncoding = 4; lastKnownFileType = net.daringfireball.markdown; path = README.md; sourceTree = SOURCE_ROOT; };
		1F45CF1C221338D500DA929D /* InspectorTableViewDatasource.swift */ = {isa = PBXFileReference; lastKnownFileType = sourcecode.swift; path = InspectorTableViewDatasource.swift; sourceTree = "<group>"; };
		1F4AE5AF21F8427F00F91402 /* CauliAuthenticationChallengeProxy.swift */ = {isa = PBXFileReference; lastKnownFileType = sourcecode.swift; path = CauliAuthenticationChallengeProxy.swift; sourceTree = "<group>"; };
		1F644F49211B620B004C4271 /* WeakReference.swift */ = {isa = PBXFileReference; lastKnownFileType = sourcecode.swift; path = WeakReference.swift; sourceTree = "<group>"; };
		1F6BB4552163609100D56F4F /* Configuration.swift */ = {isa = PBXFileReference; lastKnownFileType = sourcecode.swift; path = Configuration.swift; sourceTree = "<group>"; };
		1F7001C0216B8128007A9355 /* CauliURLProtocolSpec.swift */ = {isa = PBXFileReference; lastKnownFileType = sourcecode.swift; path = CauliURLProtocolSpec.swift; sourceTree = "<group>"; };
		1F7001C3216B8250007A9355 /* CauliURLProtocolDelegateStub.swift */ = {isa = PBXFileReference; lastKnownFileType = sourcecode.swift; path = CauliURLProtocolDelegateStub.swift; sourceTree = "<group>"; };
		1F7BF22B20F77B0A0023D219 /* CauliURLProtocolDelegate.swift */ = {isa = PBXFileReference; lastKnownFileType = sourcecode.swift; path = CauliURLProtocolDelegate.swift; sourceTree = "<group>"; };
		1F7BF22D20F77B6C0023D219 /* Record.swift */ = {isa = PBXFileReference; lastKnownFileType = sourcecode.swift; path = Record.swift; sourceTree = "<group>"; };
		1F7BF22F20F790F50023D219 /* URLSessionConfiguration+Swizzling.swift */ = {isa = PBXFileReference; lastKnownFileType = sourcecode.swift; path = "URLSessionConfiguration+Swizzling.swift"; sourceTree = "<group>"; };
		1F80E2CA21E2AB2800F1EA01 /* SwappedURLRequest.swift */ = {isa = PBXFileReference; fileEncoding = 4; lastKnownFileType = sourcecode.swift; path = SwappedURLRequest.swift; sourceTree = "<group>"; };
		1F80E2CB21E2AB2800F1EA01 /* SwappedResponse.swift */ = {isa = PBXFileReference; fileEncoding = 4; lastKnownFileType = sourcecode.swift; path = SwappedResponse.swift; sourceTree = "<group>"; };
		1F891AEA22271221000ECD61 /* HTTPBodyStreamFloret.swift */ = {isa = PBXFileReference; lastKnownFileType = sourcecode.swift; path = HTTPBodyStreamFloret.swift; sourceTree = "<group>"; };
		1F8C2A1421D794BD009D0382 /* CauliSpec.swift */ = {isa = PBXFileReference; lastKnownFileType = sourcecode.swift; path = CauliSpec.swift; sourceTree = "<group>"; };
		1F95025C25F6816C006F8262 /* MapRemoteFloret.swift */ = {isa = PBXFileReference; lastKnownFileType = sourcecode.swift; path = MapRemoteFloret.swift; sourceTree = "<group>"; };
		1F95026225F681F5006F8262 /* Mapping.swift */ = {isa = PBXFileReference; lastKnownFileType = sourcecode.swift; path = Mapping.swift; sourceTree = "<group>"; };
		1F95026925F68A28006F8262 /* MappingsListViewController.swift */ = {isa = PBXFileReference; lastKnownFileType = sourcecode.swift; path = MappingsListViewController.swift; sourceTree = "<group>"; };
		1F95026D25F68A4A006F8262 /* MappingsListDataSource.swift */ = {isa = PBXFileReference; lastKnownFileType = sourcecode.swift; path = MappingsListDataSource.swift; sourceTree = "<group>"; };
		1FA4A50321B7C40100F1CA6B /* RecordItemTableViewCell.swift */ = {isa = PBXFileReference; fileEncoding = 4; lastKnownFileType = sourcecode.swift; path = RecordItemTableViewCell.swift; sourceTree = "<group>"; };
		1FA4A50421B7C40100F1CA6B /* RecordTableViewDatasource.swift */ = {isa = PBXFileReference; fileEncoding = 4; lastKnownFileType = sourcecode.swift; path = RecordTableViewDatasource.swift; sourceTree = "<group>"; };
		1FA4A50521B7C40100F1CA6B /* RecordTableViewController.swift */ = {isa = PBXFileReference; fileEncoding = 4; lastKnownFileType = sourcecode.swift; path = RecordTableViewController.swift; sourceTree = "<group>"; };
		1FA4A50721B7C40100F1CA6B /* InspectorRecordTableViewCell.swift */ = {isa = PBXFileReference; fileEncoding = 4; lastKnownFileType = sourcecode.swift; path = InspectorRecordTableViewCell.swift; sourceTree = "<group>"; };
		1FA4A50821B7C40100F1CA6B /* InspectorTableViewController.swift */ = {isa = PBXFileReference; fileEncoding = 4; lastKnownFileType = sourcecode.swift; path = InspectorTableViewController.swift; sourceTree = "<group>"; };
		1FA4A52221C92A1A00F1CA6B /* SwappedRecord.swift */ = {isa = PBXFileReference; lastKnownFileType = sourcecode.swift; path = SwappedRecord.swift; sourceTree = "<group>"; };
		1FB1FF55219DB75E0021B4F4 /* UIWindow+Shake.swift */ = {isa = PBXFileReference; fileEncoding = 4; lastKnownFileType = sourcecode.swift; path = "UIWindow+Shake.swift"; sourceTree = "<group>"; };
		1FB1FF59219DB7DD0021B4F4 /* ViewControllerShakePresenter.swift */ = {isa = PBXFileReference; fileEncoding = 4; lastKnownFileType = sourcecode.swift; path = ViewControllerShakePresenter.swift; sourceTree = "<group>"; };
		1FB3296E2181CBCD001CA03D /* RecordSelector.swift */ = {isa = PBXFileReference; lastKnownFileType = sourcecode.swift; path = RecordSelector.swift; sourceTree = "<group>"; };
		1FBE790421A1A271004C81A7 /* InspectorFloret.swift */ = {isa = PBXFileReference; lastKnownFileType = sourcecode.swift; path = InspectorFloret.swift; sourceTree = "<group>"; };
		1FBE790C21A1A572004C81A7 /* TagLabel.swift */ = {isa = PBXFileReference; lastKnownFileType = sourcecode.swift; path = TagLabel.swift; sourceTree = "<group>"; };
		1FD0F8802150F0A000BD383B /* Collection+ReduceAsnyc.swift */ = {isa = PBXFileReference; fileEncoding = 4; lastKnownFileType = sourcecode.swift; path = "Collection+ReduceAsnyc.swift"; sourceTree = "<group>"; };
		1FE3F72520F64A2B00233C7C /* Cauliframework.framework */ = {isa = PBXFileReference; explicitFileType = wrapper.framework; includeInIndex = 0; path = Cauliframework.framework; sourceTree = BUILT_PRODUCTS_DIR; };
		1FE3F72820F64A2B00233C7C /* Cauli.h */ = {isa = PBXFileReference; lastKnownFileType = sourcecode.c.h; path = Cauli.h; sourceTree = "<group>"; };
		1FE3F72920F64A2B00233C7C /* Info.plist */ = {isa = PBXFileReference; lastKnownFileType = text.plist.xml; path = Info.plist; sourceTree = "<group>"; };
		1FE3F72E20F64A2B00233C7C /* CauliframeworkTests.xctest */ = {isa = PBXFileReference; explicitFileType = wrapper.cfbundle; includeInIndex = 0; path = CauliframeworkTests.xctest; sourceTree = BUILT_PRODUCTS_DIR; };
		1FE3F73520F64A2B00233C7C /* Info.plist */ = {isa = PBXFileReference; lastKnownFileType = text.plist.xml; path = Info.plist; sourceTree = "<group>"; };
		1FE3F73F20F64AA000233C7C /* Cauli.swift */ = {isa = PBXFileReference; lastKnownFileType = sourcecode.swift; path = Cauli.swift; sourceTree = "<group>"; };
		1FE3F74120F64C6700233C7C /* CauliURLProtocol.swift */ = {isa = PBXFileReference; lastKnownFileType = sourcecode.swift; path = CauliURLProtocol.swift; sourceTree = "<group>"; };
		1FF25CF82275EDD800008E51 /* NSError+NetworkErrorShortString.swift */ = {isa = PBXFileReference; lastKnownFileType = sourcecode.swift; path = "NSError+NetworkErrorShortString.swift"; sourceTree = "<group>"; };
		1FFFE7D121AC7C080040B805 /* Record+Fake.swift */ = {isa = PBXFileReference; fileEncoding = 4; lastKnownFileType = sourcecode.swift; path = "Record+Fake.swift"; sourceTree = "<group>"; };
		1FFFE7D221AC7C080040B805 /* MemoryStorageSpec.swift */ = {isa = PBXFileReference; fileEncoding = 4; lastKnownFileType = sourcecode.swift; path = MemoryStorageSpec.swift; sourceTree = "<group>"; };
		5005E53C222BE0C700BD5DF7 /* DisplayingFloret.swift */ = {isa = PBXFileReference; fileEncoding = 4; lastKnownFileType = sourcecode.swift; path = DisplayingFloret.swift; sourceTree = "<group>"; };
		5005E53E222BE0D400BD5DF7 /* InterceptingFloret.swift */ = {isa = PBXFileReference; fileEncoding = 4; lastKnownFileType = sourcecode.swift; path = InterceptingFloret.swift; sourceTree = "<group>"; };
		5042C4CF21EBE1B500652AC6 /* CauliViewController.swift */ = {isa = PBXFileReference; fileEncoding = 4; lastKnownFileType = sourcecode.swift; path = CauliViewController.swift; sourceTree = "<group>"; };
		5042C4D121EBE1B500652AC6 /* SwitchTableViewCell.swift */ = {isa = PBXFileReference; fileEncoding = 4; lastKnownFileType = sourcecode.swift; path = SwitchTableViewCell.swift; sourceTree = "<group>"; };
		5044B7E721F2853A006908B2 /* NoCacheFloret.swift */ = {isa = PBXFileReference; fileEncoding = 4; lastKnownFileType = sourcecode.swift; path = NoCacheFloret.swift; sourceTree = "<group>"; };
		5044B7E921F28555006908B2 /* NoCacheFloretSpec.swift */ = {isa = PBXFileReference; fileEncoding = 4; lastKnownFileType = sourcecode.swift; path = NoCacheFloretSpec.swift; sourceTree = "<group>"; };
		50576BB9210E173C0085DF5E /* Floret.swift */ = {isa = PBXFileReference; lastKnownFileType = sourcecode.swift; path = Floret.swift; sourceTree = "<group>"; };
		505B4BED21AC5BF1008A9836 /* URLResponseRepresentableSpec.swift */ = {isa = PBXFileReference; lastKnownFileType = sourcecode.swift; path = URLResponseRepresentableSpec.swift; sourceTree = "<group>"; };
		505B4BF021AC5C91008A9836 /* URLResponse+Fake.swift */ = {isa = PBXFileReference; lastKnownFileType = sourcecode.swift; path = "URLResponse+Fake.swift"; sourceTree = "<group>"; };
		505B4BF221AC5FFF008A9836 /* HTTPURLResponse+Fake.swift */ = {isa = PBXFileReference; lastKnownFileType = sourcecode.swift; path = "HTTPURLResponse+Fake.swift"; sourceTree = "<group>"; };
		50616E49214D12C100C8092D /* Response.swift */ = {isa = PBXFileReference; lastKnownFileType = sourcecode.swift; path = Response.swift; sourceTree = "<group>"; };
		50616E4B214D130C00C8092D /* Result.swift */ = {isa = PBXFileReference; lastKnownFileType = sourcecode.swift; path = Result.swift; sourceTree = "<group>"; };
		5087DE9B21330018005B7080 /* URLResponseRepresentable.swift */ = {isa = PBXFileReference; lastKnownFileType = sourcecode.swift; path = URLResponseRepresentable.swift; sourceTree = "<group>"; };
		5087DE9D21331041005B7080 /* NSError+Codable.swift */ = {isa = PBXFileReference; lastKnownFileType = sourcecode.swift; path = "NSError+Codable.swift"; sourceTree = "<group>"; };
		50A53E4921B1799000DCB517 /* HTTPURLResponse+Fake.swift */ = {isa = PBXFileReference; fileEncoding = 4; lastKnownFileType = sourcecode.swift; path = "HTTPURLResponse+Fake.swift"; sourceTree = "<group>"; };
		50A53E4A21B1799000DCB517 /* URLResponse+Fake.swift */ = {isa = PBXFileReference; fileEncoding = 4; lastKnownFileType = sourcecode.swift; path = "URLResponse+Fake.swift"; sourceTree = "<group>"; };
		50A6CFB721178E2200FC57E7 /* URLRequest+Codable.swift */ = {isa = PBXFileReference; lastKnownFileType = sourcecode.swift; path = "URLRequest+Codable.swift"; sourceTree = "<group>"; };
		50ABECFE21C834A5009667E1 /* FindReplaceFloretSpec.swift */ = {isa = PBXFileReference; lastKnownFileType = sourcecode.swift; path = FindReplaceFloretSpec.swift; sourceTree = "<group>"; };
		50B6C943212DF2D500BB1E57 /* NSError+Cauli.swift */ = {isa = PBXFileReference; lastKnownFileType = sourcecode.swift; path = "NSError+Cauli.swift"; sourceTree = "<group>"; };
		50E068E721C67E0C00A9DFA8 /* FindReplaceFloret.swift */ = {isa = PBXFileReference; fileEncoding = 4; lastKnownFileType = sourcecode.swift; path = FindReplaceFloret.swift; sourceTree = "<group>"; };
		50E068E921C67E2300A9DFA8 /* RecordModifier.swift */ = {isa = PBXFileReference; lastKnownFileType = sourcecode.swift; path = RecordModifier.swift; sourceTree = "<group>"; };
		5C51E3BB2AC193F800E5720D /* InspectorFloretFormatterType.swift */ = {isa = PBXFileReference; fileEncoding = 4; lastKnownFileType = sourcecode.swift; path = InspectorFloretFormatterType.swift; sourceTree = "<group>"; };
		5C51E3BC2AC193F800E5720D /* RecordListFormattedData.swift */ = {isa = PBXFileReference; fileEncoding = 4; lastKnownFileType = sourcecode.swift; path = RecordListFormattedData.swift; sourceTree = "<group>"; };
		5C51E3BD2AC193F800E5720D /* InspectorFloretFormatter.swift */ = {isa = PBXFileReference; fileEncoding = 4; lastKnownFileType = sourcecode.swift; path = InspectorFloretFormatter.swift; sourceTree = "<group>"; };
		5C58F74F2ABDE72A0092D5F4 /* InspectorRecordTableViewCell.xib */ = {isa = PBXFileReference; fileEncoding = 4; lastKnownFileType = file.xib; path = InspectorRecordTableViewCell.xib; sourceTree = "<group>"; };
		5C58F7502ABDE72A0092D5F4 /* SwitchTableViewCell.xib */ = {isa = PBXFileReference; fileEncoding = 4; lastKnownFileType = file.xib; path = SwitchTableViewCell.xib; sourceTree = "<group>"; };
/* End PBXFileReference section */

/* Begin PBXFrameworksBuildPhase section */
		1FE3F72220F64A2B00233C7C /* Frameworks */ = {
			isa = PBXFrameworksBuildPhase;
			buildActionMask = 2147483647;
			files = (
				5CADABFA2ABDC93000ECB901 /* Nimble in Frameworks */,
				5CADABF72ABDC7FC00ECB901 /* Quick in Frameworks */,
				5CADABF42ABDC79400ECB901 /* OHHTTPStubsSwift in Frameworks */,
			);
			runOnlyForDeploymentPostprocessing = 0;
		};
		1FE3F72B20F64A2B00233C7C /* Frameworks */ = {
			isa = PBXFrameworksBuildPhase;
			buildActionMask = 2147483647;
			files = (
				1FE3F72F20F64A2B00233C7C /* Cauliframework.framework in Frameworks */,
			);
			runOnlyForDeploymentPostprocessing = 0;
		};
/* End PBXFrameworksBuildPhase section */

/* Begin PBXGroup section */
		1F0ACDFC222C26D0004E0361 /* PrettyPrinter */ = {
			isa = PBXGroup;
			children = (
				1F0ACDFD222C26D0004E0361 /* PlaintextPrettyPrinter.swift */,
				1F0ACDFE222C26D0004E0361 /* PrettyPrinter.swift */,
			);
			path = PrettyPrinter;
			sourceTree = "<group>";
		};
		1F0EB9D8219DB32300060F28 /* Florets */ = {
			isa = PBXGroup;
			children = (
				1F95025B25F68155006F8262 /* MapRemote */,
				1F891AE922271203000ECD61 /* HTTPBodyStreamFloret */,
				50E068E621C67DF800A9DFA8 /* FindReplace */,
				5044B7E621F2853A006908B2 /* NoCache */,
				1FBE790321A1A245004C81A7 /* Inspector */,
				1F0EB9D9219DB32300060F28 /* Mock */,
			);
			path = Florets;
			sourceTree = "<group>";
		};
		1F0EB9D9219DB32300060F28 /* Mock */ = {
			isa = PBXGroup;
			children = (
				1F0EB9E2219DB4C800060F28 /* MockRecordSerializer.swift */,
				1F0EB9DB219DB32300060F28 /* MockFloretStorage.swift */,
				1F0EB9DC219DB32300060F28 /* MockFloret.swift */,
				1F0EB9DD219DB32300060F28 /* MD5Digest.swift */,
				1FA4A52221C92A1A00F1CA6B /* SwappedRecord.swift */,
				1F80E2CB21E2AB2800F1EA01 /* SwappedResponse.swift */,
				1F80E2CA21E2AB2800F1EA01 /* SwappedURLRequest.swift */,
			);
			path = Mock;
			sourceTree = "<group>";
		};
		1F23D2E621EBCBC000D6E316 /* docs */ = {
			isa = PBXGroup;
			children = (
				1F23D35321EBCBD300D6E316 /* CHANGELOG.md */,
				1F23D35421EBCBD300D6E316 /* README.md */,
				1F23D32021EBCBC000D6E316 /* guides */,
			);
			path = docs;
			sourceTree = "<group>";
		};
		1F23D32021EBCBC000D6E316 /* guides */ = {
			isa = PBXGroup;
			children = (
				1F23D32121EBCBC000D6E316 /* Architecture.md */,
				1F23D32221EBCBC000D6E316 /* Configuring Cauli.md */,
				1F23D32321EBCBC000D6E316 /* Writing Your Own Plugin.md */,
				1F19EFEF25FD0550009A3A48 /* Frequently Asked Questions.md */,
				1F19EFF325FD0554009A3A48 /* Florets.md */,
			);
			path = guides;
			sourceTree = "<group>";
		};
		1F7001C2216B8242007A9355 /* Stubs */ = {
			isa = PBXGroup;
			children = (
				1F7001C3216B8250007A9355 /* CauliURLProtocolDelegateStub.swift */,
			);
			path = Stubs;
			sourceTree = "<group>";
		};
		1F891AE922271203000ECD61 /* HTTPBodyStreamFloret */ = {
			isa = PBXGroup;
			children = (
				1F891AEA22271221000ECD61 /* HTTPBodyStreamFloret.swift */,
			);
			path = HTTPBodyStreamFloret;
			sourceTree = "<group>";
		};
		1F95025B25F68155006F8262 /* MapRemote */ = {
			isa = PBXGroup;
			children = (
				1F95025C25F6816C006F8262 /* MapRemoteFloret.swift */,
				1F95026225F681F5006F8262 /* Mapping.swift */,
				1F95026925F68A28006F8262 /* MappingsListViewController.swift */,
				1F95026D25F68A4A006F8262 /* MappingsListDataSource.swift */,
			);
			path = MapRemote;
			sourceTree = "<group>";
		};
		1FA4A50221B7C40100F1CA6B /* Record */ = {
			isa = PBXGroup;
			children = (
				1FA4A50321B7C40100F1CA6B /* RecordItemTableViewCell.swift */,
				1FA4A50421B7C40100F1CA6B /* RecordTableViewDatasource.swift */,
				1FA4A50521B7C40100F1CA6B /* RecordTableViewController.swift */,
			);
			path = Record;
			sourceTree = "<group>";
		};
		1FA4A50621B7C40100F1CA6B /* Record List */ = {
			isa = PBXGroup;
			children = (
				1F45CF1C221338D500DA929D /* InspectorTableViewDatasource.swift */,
				1FA4A50721B7C40100F1CA6B /* InspectorRecordTableViewCell.swift */,
				1FA4A50821B7C40100F1CA6B /* InspectorTableViewController.swift */,
			);
			path = "Record List";
			sourceTree = "<group>";
		};
		1FBE790321A1A245004C81A7 /* Inspector */ = {
			isa = PBXGroup;
			children = (
				5C51E3BA2AC193F800E5720D /* Formatter */,
				1F0ACDFC222C26D0004E0361 /* PrettyPrinter */,
				1FA4A50221B7C40100F1CA6B /* Record */,
				1FA4A50621B7C40100F1CA6B /* Record List */,
				1FBE790421A1A271004C81A7 /* InspectorFloret.swift */,
				1FBE790C21A1A572004C81A7 /* TagLabel.swift */,
				1FF25CF82275EDD800008E51 /* NSError+NetworkErrorShortString.swift */,
			);
			path = Inspector;
			sourceTree = "<group>";
		};
		1FE3F71B20F64A2B00233C7C = {
			isa = PBXGroup;
			children = (
				1F23D2E621EBCBC000D6E316 /* docs */,
				1FE3F72720F64A2B00233C7C /* Cauli */,
				1FE3F73220F64A2B00233C7C /* CauliTests */,
				1FE3F72620F64A2B00233C7C /* Products */,
			);
			sourceTree = "<group>";
		};
		1FE3F72620F64A2B00233C7C /* Products */ = {
			isa = PBXGroup;
			children = (
				1FE3F72520F64A2B00233C7C /* Cauliframework.framework */,
				1FE3F72E20F64A2B00233C7C /* CauliframeworkTests.xctest */,
			);
			name = Products;
			sourceTree = "<group>";
		};
		1FE3F72720F64A2B00233C7C /* Cauli */ = {
			isa = PBXGroup;
			children = (
				1FE3F72920F64A2B00233C7C /* Info.plist */,
				1FE3F72820F64A2B00233C7C /* Cauli.h */,
				1FE3F73F20F64AA000233C7C /* Cauli.swift */,
				50576BB9210E173C0085DF5E /* Floret.swift */,
				1F18B1A2210EF9F500CEDD42 /* Storage.swift */,
				5005E53E222BE0D400BD5DF7 /* InterceptingFloret.swift */,
				5005E53C222BE0C700BD5DF7 /* DisplayingFloret.swift */,
				50E068E921C67E2300A9DFA8 /* RecordModifier.swift */,
				1F18B1A3210EF9F500CEDD42 /* MemoryStorage.swift */,
				1FB1FF59219DB7DD0021B4F4 /* ViewControllerShakePresenter.swift */,
				50085A4821FB652F005197F2 /* CauliURLProtocol */,
				5042C4CE21EBE1B500652AC6 /* CauliViewController */,
				1F0EB9D8219DB32300060F28 /* Florets */,
				50085A4721FB6506005197F2 /* Configuration */,
				50085A4921FB6564005197F2 /* Data structures */,
				50A6CFB621178E1100FC57E7 /* Extensions */,
				5C58F74E2ABDE72A0092D5F4 /* Resources */,
			);
			path = Cauli;
			sourceTree = "<group>";
		};
		1FE3F73220F64A2B00233C7C /* CauliTests */ = {
			isa = PBXGroup;
			children = (
				505B4BEF21AC5C7E008A9836 /* Fakes */,
				1F7001C2216B8242007A9355 /* Stubs */,
				1FFFE7D021AC7C080040B805 /* Fakes */,
				1FE3F73520F64A2B00233C7C /* Info.plist */,
				1F7001C0216B8128007A9355 /* CauliURLProtocolSpec.swift */,
				1FFFE7D221AC7C080040B805 /* MemoryStorageSpec.swift */,
				505B4BED21AC5BF1008A9836 /* URLResponseRepresentableSpec.swift */,
				1F8C2A1421D794BD009D0382 /* CauliSpec.swift */,
				50ABECFE21C834A5009667E1 /* FindReplaceFloretSpec.swift */,
				5044B7E921F28555006908B2 /* NoCacheFloretSpec.swift */,
			);
			path = CauliTests;
			sourceTree = "<group>";
		};
		1FFFE7D021AC7C080040B805 /* Fakes */ = {
			isa = PBXGroup;
			children = (
				1FFFE7D121AC7C080040B805 /* Record+Fake.swift */,
				50A53E4921B1799000DCB517 /* HTTPURLResponse+Fake.swift */,
				50A53E4A21B1799000DCB517 /* URLResponse+Fake.swift */,
			);
			path = Fakes;
			sourceTree = "<group>";
		};
		50085A4721FB6506005197F2 /* Configuration */ = {
			isa = PBXGroup;
			children = (
				1F6BB4552163609100D56F4F /* Configuration.swift */,
				1FB3296E2181CBCD001CA03D /* RecordSelector.swift */,
			);
			path = Configuration;
			sourceTree = "<group>";
		};
		50085A4821FB652F005197F2 /* CauliURLProtocol */ = {
			isa = PBXGroup;
			children = (
				1F644F49211B620B004C4271 /* WeakReference.swift */,
				1F7BF22B20F77B0A0023D219 /* CauliURLProtocolDelegate.swift */,
				1FE3F74120F64C6700233C7C /* CauliURLProtocol.swift */,
				1F4AE5AF21F8427F00F91402 /* CauliAuthenticationChallengeProxy.swift */,
			);
			path = CauliURLProtocol;
			sourceTree = "<group>";
		};
		50085A4921FB6564005197F2 /* Data structures */ = {
			isa = PBXGroup;
			children = (
				50616E4B214D130C00C8092D /* Result.swift */,
				1F7BF22D20F77B6C0023D219 /* Record.swift */,
				50616E49214D12C100C8092D /* Response.swift */,
				5087DE9B21330018005B7080 /* URLResponseRepresentable.swift */,
			);
			path = "Data structures";
			sourceTree = "<group>";
		};
		5042C4CE21EBE1B500652AC6 /* CauliViewController */ = {
			isa = PBXGroup;
			children = (
				5042C4CF21EBE1B500652AC6 /* CauliViewController.swift */,
				5042C4D121EBE1B500652AC6 /* SwitchTableViewCell.swift */,
			);
			path = CauliViewController;
			sourceTree = "<group>";
		};
		5044B7E621F2853A006908B2 /* NoCache */ = {
			isa = PBXGroup;
			children = (
				5044B7E721F2853A006908B2 /* NoCacheFloret.swift */,
			);
			path = NoCache;
			sourceTree = "<group>";
		};
		505B4BEF21AC5C7E008A9836 /* Fakes */ = {
			isa = PBXGroup;
			children = (
				505B4BF021AC5C91008A9836 /* URLResponse+Fake.swift */,
				505B4BF221AC5FFF008A9836 /* HTTPURLResponse+Fake.swift */,
			);
			path = Fakes;
			sourceTree = "<group>";
		};
		50A6CFB621178E1100FC57E7 /* Extensions */ = {
			isa = PBXGroup;
			children = (
				1F7BF22F20F790F50023D219 /* URLSessionConfiguration+Swizzling.swift */,
				50A6CFB721178E2200FC57E7 /* URLRequest+Codable.swift */,
				5087DE9D21331041005B7080 /* NSError+Codable.swift */,
				1FB1FF55219DB75E0021B4F4 /* UIWindow+Shake.swift */,
				50B6C943212DF2D500BB1E57 /* NSError+Cauli.swift */,
				1FD0F8802150F0A000BD383B /* Collection+ReduceAsnyc.swift */,
			);
			path = Extensions;
			sourceTree = "<group>";
		};
		50E068E621C67DF800A9DFA8 /* FindReplace */ = {
			isa = PBXGroup;
			children = (
				50E068E721C67E0C00A9DFA8 /* FindReplaceFloret.swift */,
			);
			path = FindReplace;
			sourceTree = "<group>";
		};
		5C51E3BA2AC193F800E5720D /* Formatter */ = {
			isa = PBXGroup;
			children = (
				5C51E3BB2AC193F800E5720D /* InspectorFloretFormatterType.swift */,
				5C51E3BC2AC193F800E5720D /* RecordListFormattedData.swift */,
				5C51E3BD2AC193F800E5720D /* InspectorFloretFormatter.swift */,
			);
			path = Formatter;
			sourceTree = "<group>";
		};
		5C58F74E2ABDE72A0092D5F4 /* Resources */ = {
			isa = PBXGroup;
			children = (
				5C58F74F2ABDE72A0092D5F4 /* InspectorRecordTableViewCell.xib */,
				5C58F7502ABDE72A0092D5F4 /* SwitchTableViewCell.xib */,
			);
			path = Resources;
			sourceTree = "<group>";
		};
/* End PBXGroup section */

/* Begin PBXHeadersBuildPhase section */
		1FE3F72020F64A2B00233C7C /* Headers */ = {
			isa = PBXHeadersBuildPhase;
			buildActionMask = 2147483647;
			files = (
				1FE3F73620F64A2B00233C7C /* Cauli.h in Headers */,
			);
			runOnlyForDeploymentPostprocessing = 0;
		};
/* End PBXHeadersBuildPhase section */

/* Begin PBXNativeTarget section */
		1FE3F72420F64A2B00233C7C /* Cauliframework */ = {
			isa = PBXNativeTarget;
			buildConfigurationList = 1FE3F73920F64A2B00233C7C /* Build configuration list for PBXNativeTarget "Cauliframework" */;
			buildPhases = (
				1FE3F72020F64A2B00233C7C /* Headers */,
				1FE3F72120F64A2B00233C7C /* Sources */,
				1FE3F72220F64A2B00233C7C /* Frameworks */,
				1FE3F72320F64A2B00233C7C /* Resources */,
				1FF630FF213FCF61005C437C /* Swiftlint */,
			);
			buildRules = (
			);
			dependencies = (
			);
			name = Cauliframework;
			packageProductDependencies = (
				5CADABF32ABDC79400ECB901 /* OHHTTPStubsSwift */,
				5CADABF62ABDC7FC00ECB901 /* Quick */,
				5CADABF92ABDC93000ECB901 /* Nimble */,
			);
			productName = Cauli;
			productReference = 1FE3F72520F64A2B00233C7C /* Cauliframework.framework */;
			productType = "com.apple.product-type.framework";
		};
		1FE3F72D20F64A2B00233C7C /* CauliframeworkTests */ = {
			isa = PBXNativeTarget;
			buildConfigurationList = 1FE3F73C20F64A2B00233C7C /* Build configuration list for PBXNativeTarget "CauliframeworkTests" */;
			buildPhases = (
				1FE3F72A20F64A2B00233C7C /* Sources */,
				1FE3F72B20F64A2B00233C7C /* Frameworks */,
				1FE3F72C20F64A2B00233C7C /* Resources */,
			);
			buildRules = (
			);
			dependencies = (
				1FE3F73120F64A2B00233C7C /* PBXTargetDependency */,
			);
			name = CauliframeworkTests;
			productName = CauliTests;
			productReference = 1FE3F72E20F64A2B00233C7C /* CauliframeworkTests.xctest */;
			productType = "com.apple.product-type.bundle.unit-test";
		};
/* End PBXNativeTarget section */

/* Begin PBXProject section */
		1FE3F71C20F64A2B00233C7C /* Project object */ = {
			isa = PBXProject;
			attributes = {
				LastSwiftUpdateCheck = 1000;
				LastUpgradeCheck = 1010;
				ORGANIZATIONNAME = cauli.works;
				TargetAttributes = {
					1FE3F72420F64A2B00233C7C = {
						CreatedOnToolsVersion = 10.0;
						LastSwiftMigration = 1000;
					};
					1FE3F72D20F64A2B00233C7C = {
						CreatedOnToolsVersion = 10.0;
					};
				};
			};
			buildConfigurationList = 1FE3F71F20F64A2B00233C7C /* Build configuration list for PBXProject "Cauliframework" */;
			compatibilityVersion = "Xcode 9.3";
			developmentRegion = en;
			hasScannedForEncodings = 0;
			knownRegions = (
				en,
			);
			mainGroup = 1FE3F71B20F64A2B00233C7C;
			packageReferences = (
				5CADABF22ABDC79400ECB901 /* XCRemoteSwiftPackageReference "OHHTTPStubs" */,
				5CADABF52ABDC7FC00ECB901 /* XCRemoteSwiftPackageReference "Quick" */,
				5CADABF82ABDC93000ECB901 /* XCRemoteSwiftPackageReference "Nimble" */,
			);
			productRefGroup = 1FE3F72620F64A2B00233C7C /* Products */;
			projectDirPath = "";
			projectRoot = "";
			targets = (
				1FE3F72420F64A2B00233C7C /* Cauliframework */,
				1FE3F72D20F64A2B00233C7C /* CauliframeworkTests */,
			);
		};
/* End PBXProject section */

/* Begin PBXResourcesBuildPhase section */
		1FE3F72320F64A2B00233C7C /* Resources */ = {
			isa = PBXResourcesBuildPhase;
			buildActionMask = 2147483647;
			files = (
				1F23D35621EBCBD300D6E316 /* README.md in Resources */,
				1F23D35021EBCBC000D6E316 /* Architecture.md in Resources */,
				1F23D35521EBCBD300D6E316 /* CHANGELOG.md in Resources */,
				1F19EFF425FD0554009A3A48 /* Florets.md in Resources */,
				5C58F7512ABDE72A0092D5F4 /* InspectorRecordTableViewCell.xib in Resources */,
				1F23D35121EBCBC000D6E316 /* Configuring Cauli.md in Resources */,
				5C58F7522ABDE72A0092D5F4 /* SwitchTableViewCell.xib in Resources */,
				1F19EFF025FD0550009A3A48 /* Frequently Asked Questions.md in Resources */,
				1F23D35221EBCBC000D6E316 /* Writing Your Own Plugin.md in Resources */,
			);
			runOnlyForDeploymentPostprocessing = 0;
		};
		1FE3F72C20F64A2B00233C7C /* Resources */ = {
			isa = PBXResourcesBuildPhase;
			buildActionMask = 2147483647;
			files = (
			);
			runOnlyForDeploymentPostprocessing = 0;
		};
/* End PBXResourcesBuildPhase section */

/* Begin PBXShellScriptBuildPhase section */
		1FF630FF213FCF61005C437C /* Swiftlint */ = {
			isa = PBXShellScriptBuildPhase;
			buildActionMask = 2147483647;
			files = (
			);
			inputPaths = (
			);
			name = Swiftlint;
			outputPaths = (
			);
			runOnlyForDeploymentPostprocessing = 0;
			shellPath = /bin/sh;
			shellScript = "if which swiftlint > /dev/null; then\n  swiftlint autocorrect\n  swiftlint\nelse\n  echo \"Warning: swiftlint is not installed. Please install it, e.g. via brew install swiftlint\"\n  exit 0\nfi\n\n";
		};
/* End PBXShellScriptBuildPhase section */

/* Begin PBXSourcesBuildPhase section */
		1FE3F72120F64A2B00233C7C /* Sources */ = {
			isa = PBXSourcesBuildPhase;
			buildActionMask = 2147483647;
			files = (
				1F0EB9DF219DB32300060F28 /* MockFloretStorage.swift in Sources */,
				1FBE790521A1A271004C81A7 /* InspectorFloret.swift in Sources */,
				1F95026325F681F5006F8262 /* Mapping.swift in Sources */,
				5005E53D222BE0C800BD5DF7 /* DisplayingFloret.swift in Sources */,
				1FE3F74220F64C6700233C7C /* CauliURLProtocol.swift in Sources */,
				1FB1FF5A219DB7DD0021B4F4 /* ViewControllerShakePresenter.swift in Sources */,
				1FA4A50C21B7C40100F1CA6B /* RecordTableViewController.swift in Sources */,
				1F95025D25F6816C006F8262 /* MapRemoteFloret.swift in Sources */,
				1F0ACE00222C26D0004E0361 /* PrettyPrinter.swift in Sources */,
				5005E53F222BE0D400BD5DF7 /* InterceptingFloret.swift in Sources */,
				5042C4D421EBE1B500652AC6 /* SwitchTableViewCell.swift in Sources */,
				1F18B1A4210EF9F500CEDD42 /* Storage.swift in Sources */,
				1FF25CF92275EDD800008E51 /* NSError+NetworkErrorShortString.swift in Sources */,
				1FA4A50A21B7C40100F1CA6B /* RecordItemTableViewCell.swift in Sources */,
				1FA4A50E21B7C40100F1CA6B /* InspectorTableViewController.swift in Sources */,
				1F0ACDFF222C26D0004E0361 /* PlaintextPrettyPrinter.swift in Sources */,
				1F0EB9E3219DB4C800060F28 /* MockRecordSerializer.swift in Sources */,
				50A6CFB821178E2200FC57E7 /* URLRequest+Codable.swift in Sources */,
				5C51E3C02AC193F800E5720D /* InspectorFloretFormatter.swift in Sources */,
				5044B7E821F2853A006908B2 /* NoCacheFloret.swift in Sources */,
				1FB3296F2181CBCD001CA03D /* RecordSelector.swift in Sources */,
				50576BBA210E173C0085DF5E /* Floret.swift in Sources */,
				1FD0F8812150F0A000BD383B /* Collection+ReduceAsnyc.swift in Sources */,
				1FA4A50B21B7C40100F1CA6B /* RecordTableViewDatasource.swift in Sources */,
				1FB1FF58219DB75E0021B4F4 /* UIWindow+Shake.swift in Sources */,
				50E068E821C67E0C00A9DFA8 /* FindReplaceFloret.swift in Sources */,
				1F95026E25F68A4A006F8262 /* MappingsListDataSource.swift in Sources */,
				50616E4C214D130C00C8092D /* Result.swift in Sources */,
				5087DE9E21331041005B7080 /* NSError+Codable.swift in Sources */,
				1FBE790D21A1A572004C81A7 /* TagLabel.swift in Sources */,
				1F0EB9E1219DB32300060F28 /* MD5Digest.swift in Sources */,
				1FA4A52321C92A1A00F1CA6B /* SwappedRecord.swift in Sources */,
				1FE3F74020F64AA000233C7C /* Cauli.swift in Sources */,
				50616E4A214D12C100C8092D /* Response.swift in Sources */,
				1F18B1A5210EF9F500CEDD42 /* MemoryStorage.swift in Sources */,
				1F80E2CC21E2AB2800F1EA01 /* SwappedURLRequest.swift in Sources */,
				1F6BB4562163609100D56F4F /* Configuration.swift in Sources */,
				1F7BF23020F790F50023D219 /* URLSessionConfiguration+Swizzling.swift in Sources */,
				1F7BF22E20F77B6C0023D219 /* Record.swift in Sources */,
				5C51E3BE2AC193F800E5720D /* InspectorFloretFormatterType.swift in Sources */,
				1FA4A50D21B7C40100F1CA6B /* InspectorRecordTableViewCell.swift in Sources */,
				5042C4D221EBE1B500652AC6 /* CauliViewController.swift in Sources */,
				1F644F4A211B620B004C4271 /* WeakReference.swift in Sources */,
				1F4AE5B021F8427F00F91402 /* CauliAuthenticationChallengeProxy.swift in Sources */,
				1F45CF1D221338D500DA929D /* InspectorTableViewDatasource.swift in Sources */,
				50E068EA21C67E2300A9DFA8 /* RecordModifier.swift in Sources */,
				1F80E2CD21E2AB2800F1EA01 /* SwappedResponse.swift in Sources */,
				1F891AEB22271221000ECD61 /* HTTPBodyStreamFloret.swift in Sources */,
				50B6C944212DF2D500BB1E57 /* NSError+Cauli.swift in Sources */,
				1F95026A25F68A28006F8262 /* MappingsListViewController.swift in Sources */,
				5C51E3BF2AC193F800E5720D /* RecordListFormattedData.swift in Sources */,
				1F0EB9E0219DB32300060F28 /* MockFloret.swift in Sources */,
				1F7BF22C20F77B0A0023D219 /* CauliURLProtocolDelegate.swift in Sources */,
				5087DE9C21330018005B7080 /* URLResponseRepresentable.swift in Sources */,
			);
			runOnlyForDeploymentPostprocessing = 0;
		};
		1FE3F72A20F64A2B00233C7C /* Sources */ = {
			isa = PBXSourcesBuildPhase;
			buildActionMask = 2147483647;
			files = (
				1FFFE7D621AC7C080040B805 /* Record+Fake.swift in Sources */,
				50A53E4B21B1799000DCB517 /* HTTPURLResponse+Fake.swift in Sources */,
				1F7001C4216B8250007A9355 /* CauliURLProtocolDelegateStub.swift in Sources */,
				505B4BF121AC5C91008A9836 /* URLResponse+Fake.swift in Sources */,
				1F8C2A1521D794BD009D0382 /* CauliSpec.swift in Sources */,
				505B4BEE21AC5BF1008A9836 /* URLResponseRepresentableSpec.swift in Sources */,
				1F7001C1216B8128007A9355 /* CauliURLProtocolSpec.swift in Sources */,
				50ABECFF21C834A5009667E1 /* FindReplaceFloretSpec.swift in Sources */,
				5044B7EA21F28555006908B2 /* NoCacheFloretSpec.swift in Sources */,
				1FFFE7D721AC7C080040B805 /* MemoryStorageSpec.swift in Sources */,
			);
			runOnlyForDeploymentPostprocessing = 0;
		};
/* End PBXSourcesBuildPhase section */

/* Begin PBXTargetDependency section */
		1FE3F73120F64A2B00233C7C /* PBXTargetDependency */ = {
			isa = PBXTargetDependency;
			target = 1FE3F72420F64A2B00233C7C /* Cauliframework */;
			targetProxy = 1FE3F73020F64A2B00233C7C /* PBXContainerItemProxy */;
		};
/* End PBXTargetDependency section */

/* Begin XCBuildConfiguration section */
		1FE3F73720F64A2B00233C7C /* Debug */ = {
			isa = XCBuildConfiguration;
			buildSettings = {
				ALWAYS_SEARCH_USER_PATHS = NO;
				CLANG_ANALYZER_NONNULL = YES;
				CLANG_ANALYZER_NUMBER_OBJECT_CONVERSION = YES_AGGRESSIVE;
				CLANG_CXX_LANGUAGE_STANDARD = "gnu++14";
				CLANG_CXX_LIBRARY = "libc++";
				CLANG_ENABLE_MODULES = YES;
				CLANG_ENABLE_OBJC_ARC = YES;
				CLANG_ENABLE_OBJC_WEAK = YES;
				CLANG_WARN_BLOCK_CAPTURE_AUTORELEASING = YES;
				CLANG_WARN_BOOL_CONVERSION = YES;
				CLANG_WARN_COMMA = YES;
				CLANG_WARN_CONSTANT_CONVERSION = YES;
				CLANG_WARN_DEPRECATED_OBJC_IMPLEMENTATIONS = YES;
				CLANG_WARN_DIRECT_OBJC_ISA_USAGE = YES_ERROR;
				CLANG_WARN_DOCUMENTATION_COMMENTS = YES;
				CLANG_WARN_EMPTY_BODY = YES;
				CLANG_WARN_ENUM_CONVERSION = YES;
				CLANG_WARN_INFINITE_RECURSION = YES;
				CLANG_WARN_INT_CONVERSION = YES;
				CLANG_WARN_NON_LITERAL_NULL_CONVERSION = YES;
				CLANG_WARN_OBJC_IMPLICIT_RETAIN_SELF = YES;
				CLANG_WARN_OBJC_LITERAL_CONVERSION = YES;
				CLANG_WARN_OBJC_ROOT_CLASS = YES_ERROR;
				CLANG_WARN_RANGE_LOOP_ANALYSIS = YES;
				CLANG_WARN_STRICT_PROTOTYPES = YES;
				CLANG_WARN_SUSPICIOUS_MOVE = YES;
				CLANG_WARN_UNGUARDED_AVAILABILITY = YES_AGGRESSIVE;
				CLANG_WARN_UNREACHABLE_CODE = YES;
				CLANG_WARN__DUPLICATE_METHOD_MATCH = YES;
				CODE_SIGN_IDENTITY = "iPhone Developer";
				COPY_PHASE_STRIP = NO;
				CURRENT_PROJECT_VERSION = 1;
				DEBUG_INFORMATION_FORMAT = dwarf;
				ENABLE_STRICT_OBJC_MSGSEND = YES;
				ENABLE_TESTABILITY = YES;
				GCC_C_LANGUAGE_STANDARD = gnu11;
				GCC_DYNAMIC_NO_PIC = NO;
				GCC_NO_COMMON_BLOCKS = YES;
				GCC_OPTIMIZATION_LEVEL = 0;
				GCC_PREPROCESSOR_DEFINITIONS = (
					"DEBUG=1",
					"$(inherited)",
				);
				GCC_WARN_64_TO_32_BIT_CONVERSION = YES;
				GCC_WARN_ABOUT_RETURN_TYPE = YES_ERROR;
				GCC_WARN_UNDECLARED_SELECTOR = YES;
				GCC_WARN_UNINITIALIZED_AUTOS = YES_AGGRESSIVE;
				GCC_WARN_UNUSED_FUNCTION = YES;
				GCC_WARN_UNUSED_VARIABLE = YES;
				IPHONEOS_DEPLOYMENT_TARGET = 8.0;
				MTL_ENABLE_DEBUG_INFO = INCLUDE_SOURCE;
				ONLY_ACTIVE_ARCH = YES;
				SDKROOT = iphoneos;
				SWIFT_ACTIVE_COMPILATION_CONDITIONS = DEBUG;
				SWIFT_OPTIMIZATION_LEVEL = "-Onone";
				SWIFT_VERSION = 5.0;
				VERSIONING_SYSTEM = "apple-generic";
				VERSION_INFO_PREFIX = "";
			};
			name = Debug;
		};
		1FE3F73820F64A2B00233C7C /* Release */ = {
			isa = XCBuildConfiguration;
			buildSettings = {
				ALWAYS_SEARCH_USER_PATHS = NO;
				CLANG_ANALYZER_NONNULL = YES;
				CLANG_ANALYZER_NUMBER_OBJECT_CONVERSION = YES_AGGRESSIVE;
				CLANG_CXX_LANGUAGE_STANDARD = "gnu++14";
				CLANG_CXX_LIBRARY = "libc++";
				CLANG_ENABLE_MODULES = YES;
				CLANG_ENABLE_OBJC_ARC = YES;
				CLANG_ENABLE_OBJC_WEAK = YES;
				CLANG_WARN_BLOCK_CAPTURE_AUTORELEASING = YES;
				CLANG_WARN_BOOL_CONVERSION = YES;
				CLANG_WARN_COMMA = YES;
				CLANG_WARN_CONSTANT_CONVERSION = YES;
				CLANG_WARN_DEPRECATED_OBJC_IMPLEMENTATIONS = YES;
				CLANG_WARN_DIRECT_OBJC_ISA_USAGE = YES_ERROR;
				CLANG_WARN_DOCUMENTATION_COMMENTS = YES;
				CLANG_WARN_EMPTY_BODY = YES;
				CLANG_WARN_ENUM_CONVERSION = YES;
				CLANG_WARN_INFINITE_RECURSION = YES;
				CLANG_WARN_INT_CONVERSION = YES;
				CLANG_WARN_NON_LITERAL_NULL_CONVERSION = YES;
				CLANG_WARN_OBJC_IMPLICIT_RETAIN_SELF = YES;
				CLANG_WARN_OBJC_LITERAL_CONVERSION = YES;
				CLANG_WARN_OBJC_ROOT_CLASS = YES_ERROR;
				CLANG_WARN_RANGE_LOOP_ANALYSIS = YES;
				CLANG_WARN_STRICT_PROTOTYPES = YES;
				CLANG_WARN_SUSPICIOUS_MOVE = YES;
				CLANG_WARN_UNGUARDED_AVAILABILITY = YES_AGGRESSIVE;
				CLANG_WARN_UNREACHABLE_CODE = YES;
				CLANG_WARN__DUPLICATE_METHOD_MATCH = YES;
				CODE_SIGN_IDENTITY = "iPhone Developer";
				COPY_PHASE_STRIP = NO;
				CURRENT_PROJECT_VERSION = 1;
				DEBUG_INFORMATION_FORMAT = "dwarf-with-dsym";
				ENABLE_NS_ASSERTIONS = NO;
				ENABLE_STRICT_OBJC_MSGSEND = YES;
				GCC_C_LANGUAGE_STANDARD = gnu11;
				GCC_NO_COMMON_BLOCKS = YES;
				GCC_WARN_64_TO_32_BIT_CONVERSION = YES;
				GCC_WARN_ABOUT_RETURN_TYPE = YES_ERROR;
				GCC_WARN_UNDECLARED_SELECTOR = YES;
				GCC_WARN_UNINITIALIZED_AUTOS = YES_AGGRESSIVE;
				GCC_WARN_UNUSED_FUNCTION = YES;
				GCC_WARN_UNUSED_VARIABLE = YES;
				IPHONEOS_DEPLOYMENT_TARGET = 8.0;
				MTL_ENABLE_DEBUG_INFO = NO;
				SDKROOT = iphoneos;
				SWIFT_COMPILATION_MODE = wholemodule;
				SWIFT_OPTIMIZATION_LEVEL = "-O";
				SWIFT_VERSION = 5.0;
				VALIDATE_PRODUCT = YES;
				VERSIONING_SYSTEM = "apple-generic";
				VERSION_INFO_PREFIX = "";
			};
			name = Release;
		};
		1FE3F73A20F64A2B00233C7C /* Debug */ = {
			isa = XCBuildConfiguration;
			buildSettings = {
				CLANG_ENABLE_MODULES = YES;
				CODE_SIGN_IDENTITY = "";
				CODE_SIGN_STYLE = Automatic;
				DEFINES_MODULE = YES;
				DYLIB_COMPATIBILITY_VERSION = 1;
				DYLIB_CURRENT_VERSION = 1;
				DYLIB_INSTALL_NAME_BASE = "@rpath";
				ENABLE_TESTING_SEARCH_PATHS = YES;
				INFOPLIST_FILE = Cauli/Info.plist;
				INSTALL_PATH = "$(LOCAL_LIBRARY_DIR)/Frameworks";
				IPHONEOS_DEPLOYMENT_TARGET = 11.0;
				LD_RUNPATH_SEARCH_PATHS = (
					"$(inherited)",
					"@executable_path/Frameworks",
					"@loader_path/Frameworks",
				);
				PRODUCT_BUNDLE_IDENTIFIER = works.cauli.cauliframework;
				PRODUCT_NAME = "$(TARGET_NAME:c99extidentifier)";
				SKIP_INSTALL = YES;
				SWIFT_OPTIMIZATION_LEVEL = "-Onone";
				TARGETED_DEVICE_FAMILY = "1,2";
			};
			name = Debug;
		};
		1FE3F73B20F64A2B00233C7C /* Release */ = {
			isa = XCBuildConfiguration;
			buildSettings = {
				CLANG_ENABLE_MODULES = YES;
				CODE_SIGN_IDENTITY = "";
				CODE_SIGN_STYLE = Automatic;
				DEFINES_MODULE = YES;
				DYLIB_COMPATIBILITY_VERSION = 1;
				DYLIB_CURRENT_VERSION = 1;
				DYLIB_INSTALL_NAME_BASE = "@rpath";
				ENABLE_TESTING_SEARCH_PATHS = YES;
				INFOPLIST_FILE = Cauli/Info.plist;
				INSTALL_PATH = "$(LOCAL_LIBRARY_DIR)/Frameworks";
				IPHONEOS_DEPLOYMENT_TARGET = 11.0;
				LD_RUNPATH_SEARCH_PATHS = (
					"$(inherited)",
					"@executable_path/Frameworks",
					"@loader_path/Frameworks",
				);
				PRODUCT_BUNDLE_IDENTIFIER = works.cauli.cauliframework;
				PRODUCT_NAME = "$(TARGET_NAME:c99extidentifier)";
				SKIP_INSTALL = YES;
				TARGETED_DEVICE_FAMILY = "1,2";
			};
			name = Release;
		};
		1FE3F73D20F64A2B00233C7C /* Debug */ = {
			isa = XCBuildConfiguration;
			buildSettings = {
				CODE_SIGN_STYLE = Automatic;
				INFOPLIST_FILE = CauliTests/Info.plist;
				IPHONEOS_DEPLOYMENT_TARGET = 11.0;
				LD_RUNPATH_SEARCH_PATHS = (
					"$(inherited)",
					"@executable_path/Frameworks",
					"@loader_path/Frameworks",
				);
				PRODUCT_BUNDLE_IDENTIFIER = works.cauli.CauliframeworkTests;
				PRODUCT_NAME = "$(TARGET_NAME)";
				TARGETED_DEVICE_FAMILY = "1,2";
			};
			name = Debug;
		};
		1FE3F73E20F64A2B00233C7C /* Release */ = {
			isa = XCBuildConfiguration;
			buildSettings = {
				CODE_SIGN_STYLE = Automatic;
				INFOPLIST_FILE = CauliTests/Info.plist;
				IPHONEOS_DEPLOYMENT_TARGET = 11.0;
				LD_RUNPATH_SEARCH_PATHS = (
					"$(inherited)",
					"@executable_path/Frameworks",
					"@loader_path/Frameworks",
				);
				PRODUCT_BUNDLE_IDENTIFIER = works.cauli.CauliframeworkTests;
				PRODUCT_NAME = "$(TARGET_NAME)";
				TARGETED_DEVICE_FAMILY = "1,2";
			};
			name = Release;
		};
/* End XCBuildConfiguration section */

/* Begin XCConfigurationList section */
		1FE3F71F20F64A2B00233C7C /* Build configuration list for PBXProject "Cauliframework" */ = {
			isa = XCConfigurationList;
			buildConfigurations = (
				1FE3F73720F64A2B00233C7C /* Debug */,
				1FE3F73820F64A2B00233C7C /* Release */,
			);
			defaultConfigurationIsVisible = 0;
			defaultConfigurationName = Release;
		};
		1FE3F73920F64A2B00233C7C /* Build configuration list for PBXNativeTarget "Cauliframework" */ = {
			isa = XCConfigurationList;
			buildConfigurations = (
				1FE3F73A20F64A2B00233C7C /* Debug */,
				1FE3F73B20F64A2B00233C7C /* Release */,
			);
			defaultConfigurationIsVisible = 0;
			defaultConfigurationName = Release;
		};
		1FE3F73C20F64A2B00233C7C /* Build configuration list for PBXNativeTarget "CauliframeworkTests" */ = {
			isa = XCConfigurationList;
			buildConfigurations = (
				1FE3F73D20F64A2B00233C7C /* Debug */,
				1FE3F73E20F64A2B00233C7C /* Release */,
			);
			defaultConfigurationIsVisible = 0;
			defaultConfigurationName = Release;
		};
/* End XCConfigurationList section */

/* Begin XCRemoteSwiftPackageReference section */
		5CADABF22ABDC79400ECB901 /* XCRemoteSwiftPackageReference "OHHTTPStubs" */ = {
			isa = XCRemoteSwiftPackageReference;
			repositoryURL = "https://github.com/AliSoftware/OHHTTPStubs";
			requirement = {
				kind = upToNextMajorVersion;
				minimumVersion = 9.0.0;
			};
		};
		5CADABF52ABDC7FC00ECB901 /* XCRemoteSwiftPackageReference "Quick" */ = {
			isa = XCRemoteSwiftPackageReference;
			repositoryURL = "https://github.com/Quick/Quick";
			requirement = {
				kind = exactVersion;
				version = 2.0.0;
			};
		};
		5CADABF82ABDC93000ECB901 /* XCRemoteSwiftPackageReference "Nimble" */ = {
			isa = XCRemoteSwiftPackageReference;
			repositoryURL = "https://github.com/Quick/Nimble";
			requirement = {
				kind = exactVersion;
				version = 8.1.2;
			};
		};
/* End XCRemoteSwiftPackageReference section */

/* Begin XCSwiftPackageProductDependency section */
		5CADABF32ABDC79400ECB901 /* OHHTTPStubsSwift */ = {
			isa = XCSwiftPackageProductDependency;
			package = 5CADABF22ABDC79400ECB901 /* XCRemoteSwiftPackageReference "OHHTTPStubs" */;
			productName = OHHTTPStubsSwift;
		};
		5CADABF62ABDC7FC00ECB901 /* Quick */ = {
			isa = XCSwiftPackageProductDependency;
			package = 5CADABF52ABDC7FC00ECB901 /* XCRemoteSwiftPackageReference "Quick" */;
			productName = Quick;
		};
		5CADABF92ABDC93000ECB901 /* Nimble */ = {
			isa = XCSwiftPackageProductDependency;
			package = 5CADABF82ABDC93000ECB901 /* XCRemoteSwiftPackageReference "Nimble" */;
			productName = Nimble;
		};
/* End XCSwiftPackageProductDependency section */
	};
	rootObject = 1FE3F71C20F64A2B00233C7C /* Project object */;
}
