// !$*UTF8*$!
{
	archiveVersion = 1;
	classes = {
	};
	objectVersion = 50;
	objects = {

/* Begin PBXBuildFile section */
		1F2749E721A0BBD300A6DD6E /* WebViewController.swift in Sources */ = {isa = PBXBuildFile; fileRef = 1F2749E621A0BBD300A6DD6E /* WebViewController.swift */; };
		1F2749EC21A0BD3900A6DD6E /* RequestModel.swift in Sources */ = {isa = PBXBuildFile; fileRef = 1F2749EB21A0BD3900A6DD6E /* RequestModel.swift */; };
		1F2749EE21A0C13200A6DD6E /* RequestModelTableViewCell.swift in Sources */ = {isa = PBXBuildFile; fileRef = 1F2749ED21A0C13200A6DD6E /* RequestModelTableViewCell.swift */; };
		1F45CF21221C8B8E00DA929D /* File.txt in Resources */ = {isa = PBXBuildFile; fileRef = 1F45CF20221C8B8E00DA929D /* File.txt */; };
		1F85D9C121664F850077AB81 /* Cauli+Customized.swift in Sources */ = {isa = PBXBuildFile; fileRef = 1F85D9C021664F850077AB81 /* Cauli+Customized.swift */; };
		1FA4A52721C93A8700F1CA6B /* MockFloret in Resources */ = {isa = PBXBuildFile; fileRef = 1FA4A52621C93A8700F1CA6B /* MockFloret */; };
		1FBA70192118743E0078F6AD /* AppDelegate.swift in Sources */ = {isa = PBXBuildFile; fileRef = 1FBA70182118743E0078F6AD /* AppDelegate.swift */; };
		1FBA701B2118743E0078F6AD /* RequestsTableViewController.swift in Sources */ = {isa = PBXBuildFile; fileRef = 1FBA701A2118743E0078F6AD /* RequestsTableViewController.swift */; };
		1FBA701E2118743E0078F6AD /* Main.storyboard in Resources */ = {isa = PBXBuildFile; fileRef = 1FBA701C2118743E0078F6AD /* Main.storyboard */; };
		1FBA70202118743F0078F6AD /* Assets.xcassets in Resources */ = {isa = PBXBuildFile; fileRef = 1FBA701F2118743F0078F6AD /* Assets.xcassets */; };
		1FBA70232118743F0078F6AD /* LaunchScreen.storyboard in Resources */ = {isa = PBXBuildFile; fileRef = 1FBA70212118743F0078F6AD /* LaunchScreen.storyboard */; };
		87A207FA1677A8AB0197BDFC /* Pods_cauli_ios_example.framework in Frameworks */ = {isa = PBXBuildFile; fileRef = CA6617E2785E9DF18F30ECF5 /* Pods_cauli_ios_example.framework */; };
/* End PBXBuildFile section */

/* Begin PBXFileReference section */
		1F2749E621A0BBD300A6DD6E /* WebViewController.swift */ = {isa = PBXFileReference; lastKnownFileType = sourcecode.swift; path = WebViewController.swift; sourceTree = "<group>"; };
		1F2749EB21A0BD3900A6DD6E /* RequestModel.swift */ = {isa = PBXFileReference; lastKnownFileType = sourcecode.swift; path = RequestModel.swift; sourceTree = "<group>"; };
		1F2749ED21A0C13200A6DD6E /* RequestModelTableViewCell.swift */ = {isa = PBXFileReference; lastKnownFileType = sourcecode.swift; path = RequestModelTableViewCell.swift; sourceTree = "<group>"; };
		1F45CF20221C8B8E00DA929D /* File.txt */ = {isa = PBXFileReference; lastKnownFileType = text; path = File.txt; sourceTree = "<group>"; };
		1F85D9C021664F850077AB81 /* Cauli+Customized.swift */ = {isa = PBXFileReference; lastKnownFileType = sourcecode.swift; path = "Cauli+Customized.swift"; sourceTree = "<group>"; };
		1FA4A52621C93A8700F1CA6B /* MockFloret */ = {isa = PBXFileReference; lastKnownFileType = folder; path = MockFloret; sourceTree = "<group>"; };
		1FBA70152118743E0078F6AD /* cauli-ios-example.app */ = {isa = PBXFileReference; explicitFileType = wrapper.application; includeInIndex = 0; path = "cauli-ios-example.app"; sourceTree = BUILT_PRODUCTS_DIR; };
		1FBA70182118743E0078F6AD /* AppDelegate.swift */ = {isa = PBXFileReference; lastKnownFileType = sourcecode.swift; path = AppDelegate.swift; sourceTree = "<group>"; };
		1FBA701A2118743E0078F6AD /* RequestsTableViewController.swift */ = {isa = PBXFileReference; lastKnownFileType = sourcecode.swift; path = RequestsTableViewController.swift; sourceTree = "<group>"; };
		1FBA701D2118743E0078F6AD /* Base */ = {isa = PBXFileReference; lastKnownFileType = file.storyboard; name = Base; path = Base.lproj/Main.storyboard; sourceTree = "<group>"; };
		1FBA701F2118743F0078F6AD /* Assets.xcassets */ = {isa = PBXFileReference; lastKnownFileType = folder.assetcatalog; path = Assets.xcassets; sourceTree = "<group>"; };
		1FBA70222118743F0078F6AD /* Base */ = {isa = PBXFileReference; lastKnownFileType = file.storyboard; name = Base; path = Base.lproj/LaunchScreen.storyboard; sourceTree = "<group>"; };
		1FBA70242118743F0078F6AD /* Info.plist */ = {isa = PBXFileReference; lastKnownFileType = text.plist.xml; path = Info.plist; sourceTree = "<group>"; };
		5A4624103340C8B84A69F1F1 /* Pods-cauli-ios-example.debug.xcconfig */ = {isa = PBXFileReference; includeInIndex = 1; lastKnownFileType = text.xcconfig; name = "Pods-cauli-ios-example.debug.xcconfig"; path = "Pods/Target Support Files/Pods-cauli-ios-example/Pods-cauli-ios-example.debug.xcconfig"; sourceTree = "<group>"; };
		6A7A74FEBB6E1A3206B50660 /* Pods-cauli-ios-example.release.xcconfig */ = {isa = PBXFileReference; includeInIndex = 1; lastKnownFileType = text.xcconfig; name = "Pods-cauli-ios-example.release.xcconfig"; path = "Pods/Target Support Files/Pods-cauli-ios-example/Pods-cauli-ios-example.release.xcconfig"; sourceTree = "<group>"; };
		CA6617E2785E9DF18F30ECF5 /* Pods_cauli_ios_example.framework */ = {isa = PBXFileReference; explicitFileType = wrapper.framework; includeInIndex = 0; path = Pods_cauli_ios_example.framework; sourceTree = BUILT_PRODUCTS_DIR; };
/* End PBXFileReference section */

/* Begin PBXFrameworksBuildPhase section */
		1FBA70122118743E0078F6AD /* Frameworks */ = {
			isa = PBXFrameworksBuildPhase;
			buildActionMask = 2147483647;
			files = (
				87A207FA1677A8AB0197BDFC /* Pods_cauli_ios_example.framework in Frameworks */,
			);
			runOnlyForDeploymentPostprocessing = 0;
		};
/* End PBXFrameworksBuildPhase section */

/* Begin PBXGroup section */
		0E2121EF00B448FC97D3EE42 /* Pods */ = {
			isa = PBXGroup;
			children = (
				5A4624103340C8B84A69F1F1 /* Pods-cauli-ios-example.debug.xcconfig */,
				6A7A74FEBB6E1A3206B50660 /* Pods-cauli-ios-example.release.xcconfig */,
			);
			name = Pods;
			sourceTree = "<group>";
		};
		1F2749E821A0BD0000A6DD6E /* Sections */ = {
			isa = PBXGroup;
			children = (
				1F2749E921A0BD0700A6DD6E /* WebView */,
				1F2749EA21A0BD0E00A6DD6E /* Requests */,
			);
			path = Sections;
			sourceTree = "<group>";
		};
		1F2749E921A0BD0700A6DD6E /* WebView */ = {
			isa = PBXGroup;
			children = (
				1F2749E621A0BBD300A6DD6E /* WebViewController.swift */,
			);
			path = WebView;
			sourceTree = "<group>";
		};
		1F2749EA21A0BD0E00A6DD6E /* Requests */ = {
			isa = PBXGroup;
			children = (
				1FBA701A2118743E0078F6AD /* RequestsTableViewController.swift */,
				1F2749EB21A0BD3900A6DD6E /* RequestModel.swift */,
				1F2749ED21A0C13200A6DD6E /* RequestModelTableViewCell.swift */,
			);
			path = Requests;
			sourceTree = "<group>";
		};
		1FBA700C2118743E0078F6AD = {
			isa = PBXGroup;
			children = (
				1FBA70172118743E0078F6AD /* cauli-ios-example */,
				1FBA70162118743E0078F6AD /* Products */,
				0E2121EF00B448FC97D3EE42 /* Pods */,
				2F160F5C97B9EF870360FA3B /* Frameworks */,
			);
			sourceTree = "<group>";
		};
		1FBA70162118743E0078F6AD /* Products */ = {
			isa = PBXGroup;
			children = (
				1FBA70152118743E0078F6AD /* cauli-ios-example.app */,
			);
			name = Products;
			sourceTree = "<group>";
		};
		1FBA70172118743E0078F6AD /* cauli-ios-example */ = {
			isa = PBXGroup;
			children = (
				1F2749E821A0BD0000A6DD6E /* Sections */,
				1FBA70182118743E0078F6AD /* AppDelegate.swift */,
				1FBA701C2118743E0078F6AD /* Main.storyboard */,
				1FBA701F2118743F0078F6AD /* Assets.xcassets */,
				1FBA70212118743F0078F6AD /* LaunchScreen.storyboard */,
				1FBA70242118743F0078F6AD /* Info.plist */,
				1FA4A52621C93A8700F1CA6B /* MockFloret */,
				1F85D9C021664F850077AB81 /* Cauli+Customized.swift */,
				1F45CF20221C8B8E00DA929D /* File.txt */,
			);
			path = "cauli-ios-example";
			sourceTree = "<group>";
		};
		2F160F5C97B9EF870360FA3B /* Frameworks */ = {
			isa = PBXGroup;
			children = (
				CA6617E2785E9DF18F30ECF5 /* Pods_cauli_ios_example.framework */,
			);
			name = Frameworks;
			sourceTree = "<group>";
		};
/* End PBXGroup section */

/* Begin PBXNativeTarget section */
		1FBA70142118743E0078F6AD /* cauli-ios-example */ = {
			isa = PBXNativeTarget;
			buildConfigurationList = 1FBA70272118743F0078F6AD /* Build configuration list for PBXNativeTarget "cauli-ios-example" */;
			buildPhases = (
				A38A662E5B3D2954F6C56CDE /* [CP] Check Pods Manifest.lock */,
				1FBA70112118743E0078F6AD /* Sources */,
				1FBA70122118743E0078F6AD /* Frameworks */,
				1FBA70132118743E0078F6AD /* Resources */,
				DF12D3BD96820B8E48E75B63 /* [CP] Embed Pods Frameworks */,
			);
			buildRules = (
			);
			dependencies = (
			);
			name = "cauli-ios-example";
			productName = "cauli-ios-example";
			productReference = 1FBA70152118743E0078F6AD /* cauli-ios-example.app */;
			productType = "com.apple.product-type.application";
		};
/* End PBXNativeTarget section */

/* Begin PBXProject section */
		1FBA700D2118743E0078F6AD /* Project object */ = {
			isa = PBXProject;
			attributes = {
				LastSwiftUpdateCheck = 0940;
				LastUpgradeCheck = 0940;
				ORGANIZATIONNAME = brototyp.de;
				TargetAttributes = {
					1FBA70142118743E0078F6AD = {
						CreatedOnToolsVersion = 9.4.1;
					};
				};
			};
			buildConfigurationList = 1FBA70102118743E0078F6AD /* Build configuration list for PBXProject "cauli-ios-example" */;
			compatibilityVersion = "Xcode 9.3";
			developmentRegion = en;
			hasScannedForEncodings = 0;
			knownRegions = (
				en,
				Base,
			);
			mainGroup = 1FBA700C2118743E0078F6AD;
			productRefGroup = 1FBA70162118743E0078F6AD /* Products */;
			projectDirPath = "";
			projectRoot = "";
			targets = (
				1FBA70142118743E0078F6AD /* cauli-ios-example */,
			);
		};
/* End PBXProject section */

/* Begin PBXResourcesBuildPhase section */
		1FBA70132118743E0078F6AD /* Resources */ = {
			isa = PBXResourcesBuildPhase;
			buildActionMask = 2147483647;
			files = (
				1F45CF21221C8B8E00DA929D /* File.txt in Resources */,
				1FA4A52721C93A8700F1CA6B /* MockFloret in Resources */,
				1FBA70232118743F0078F6AD /* LaunchScreen.storyboard in Resources */,
				1FBA70202118743F0078F6AD /* Assets.xcassets in Resources */,
				1FBA701E2118743E0078F6AD /* Main.storyboard in Resources */,
			);
			runOnlyForDeploymentPostprocessing = 0;
		};
/* End PBXResourcesBuildPhase section */

/* Begin PBXShellScriptBuildPhase section */
		A38A662E5B3D2954F6C56CDE /* [CP] Check Pods Manifest.lock */ = {
			isa = PBXShellScriptBuildPhase;
			buildActionMask = 2147483647;
			files = (
			);
			inputPaths = (
				"${PODS_PODFILE_DIR_PATH}/Podfile.lock",
				"${PODS_ROOT}/Manifest.lock",
			);
			name = "[CP] Check Pods Manifest.lock";
			outputPaths = (
				"$(DERIVED_FILE_DIR)/Pods-cauli-ios-example-checkManifestLockResult.txt",
			);
			runOnlyForDeploymentPostprocessing = 0;
			shellPath = /bin/sh;
			shellScript = "diff \"${PODS_PODFILE_DIR_PATH}/Podfile.lock\" \"${PODS_ROOT}/Manifest.lock\" > /dev/null\nif [ $? != 0 ] ; then\n    # print error to STDERR\n    echo \"error: The sandbox is not in sync with the Podfile.lock. Run 'pod install' or update your CocoaPods installation.\" >&2\n    exit 1\nfi\n# This output is used by Xcode 'outputs' to avoid re-running this script phase.\necho \"SUCCESS\" > \"${SCRIPT_OUTPUT_FILE_0}\"\n";
			showEnvVarsInLog = 0;
		};
		DF12D3BD96820B8E48E75B63 /* [CP] Embed Pods Frameworks */ = {
			isa = PBXShellScriptBuildPhase;
			buildActionMask = 2147483647;
			files = (
			);
			inputFileListPaths = (
				"${PODS_ROOT}/Target Support Files/Pods-cauli-ios-example/Pods-cauli-ios-example-frameworks-${CONFIGURATION}-input-files.xcfilelist",
			);
			name = "[CP] Embed Pods Frameworks";
			outputFileListPaths = (
				"${PODS_ROOT}/Target Support Files/Pods-cauli-ios-example/Pods-cauli-ios-example-frameworks-${CONFIGURATION}-output-files.xcfilelist",
			);
			runOnlyForDeploymentPostprocessing = 0;
			shellPath = /bin/sh;
			shellScript = "\"${PODS_ROOT}/Target Support Files/Pods-cauli-ios-example/Pods-cauli-ios-example-frameworks.sh\"\n";
			showEnvVarsInLog = 0;
		};
/* End PBXShellScriptBuildPhase section */

/* Begin PBXSourcesBuildPhase section */
		1FBA70112118743E0078F6AD /* Sources */ = {
			isa = PBXSourcesBuildPhase;
			buildActionMask = 2147483647;
			files = (
				1FBA701B2118743E0078F6AD /* RequestsTableViewController.swift in Sources */,
				1FBA70192118743E0078F6AD /* AppDelegate.swift in Sources */,
				1F2749EE21A0C13200A6DD6E /* RequestModelTableViewCell.swift in Sources */,
				1F85D9C121664F850077AB81 /* Cauli+Customized.swift in Sources */,
				1F2749E721A0BBD300A6DD6E /* WebViewController.swift in Sources */,
				1F2749EC21A0BD3900A6DD6E /* RequestModel.swift in Sources */,
			);
			runOnlyForDeploymentPostprocessing = 0;
		};
/* End PBXSourcesBuildPhase section */

/* Begin PBXVariantGroup section */
		1FBA701C2118743E0078F6AD /* Main.storyboard */ = {
			isa = PBXVariantGroup;
			children = (
				1FBA701D2118743E0078F6AD /* Base */,
			);
			name = Main.storyboard;
			sourceTree = "<group>";
		};
		1FBA70212118743F0078F6AD /* LaunchScreen.storyboard */ = {
			isa = PBXVariantGroup;
			children = (
				1FBA70222118743F0078F6AD /* Base */,
			);
			name = LaunchScreen.storyboard;
			sourceTree = "<group>";
		};
/* End PBXVariantGroup section */

/* Begin XCBuildConfiguration section */
		1FBA70252118743F0078F6AD /* Debug */ = {
			isa = XCBuildConfiguration;
			buildSettings = {
				ALWAYS_SEARCH_USER_PATHS = NO;
				CLANG_ANALYZER_NONNULL = YES;
				CLANG_ANALYZER_NUMBER_OBJECT_CONVERSION = YES_AGGRESSIVE;
				CLANG_CXX_LANGUAGE_STANDARD = "gnu++14";
				CLANG_CXX_LIBRARY = "libc++";
				CLANG_ENABLE_MODULES = YES;
				CLANG_ENABLE_OBJC_ARC = YES;
				CLANG_ENABLE_OBJC_WEAK = YES;
				CLANG_WARN_BLOCK_CAPTURE_AUTORELEASING = YES;
				CLANG_WARN_BOOL_CONVERSION = YES;
				CLANG_WARN_COMMA = YES;
				CLANG_WARN_CONSTANT_CONVERSION = YES;
				CLANG_WARN_DEPRECATED_OBJC_IMPLEMENTATIONS = YES;
				CLANG_WARN_DIRECT_OBJC_ISA_USAGE = YES_ERROR;
				CLANG_WARN_DOCUMENTATION_COMMENTS = YES;
				CLANG_WARN_EMPTY_BODY = YES;
				CLANG_WARN_ENUM_CONVERSION = YES;
				CLANG_WARN_INFINITE_RECURSION = YES;
				CLANG_WARN_INT_CONVERSION = YES;
				CLANG_WARN_NON_LITERAL_NULL_CONVERSION = YES;
				CLANG_WARN_OBJC_IMPLICIT_RETAIN_SELF = YES;
				CLANG_WARN_OBJC_LITERAL_CONVERSION = YES;
				CLANG_WARN_OBJC_ROOT_CLASS = YES_ERROR;
				CLANG_WARN_RANGE_LOOP_ANALYSIS = YES;
				CLANG_WARN_STRICT_PROTOTYPES = YES;
				CLANG_WARN_SUSPICIOUS_MOVE = YES;
				CLANG_WARN_UNGUARDED_AVAILABILITY = YES_AGGRESSIVE;
				CLANG_WARN_UNREACHABLE_CODE = YES;
				CLANG_WARN__DUPLICATE_METHOD_MATCH = YES;
				CODE_SIGN_IDENTITY = "iPhone Developer";
				COPY_PHASE_STRIP = NO;
				DEBUG_INFORMATION_FORMAT = dwarf;
				ENABLE_STRICT_OBJC_MSGSEND = YES;
				ENABLE_TESTABILITY = YES;
				GCC_C_LANGUAGE_STANDARD = gnu11;
				GCC_DYNAMIC_NO_PIC = NO;
				GCC_NO_COMMON_BLOCKS = YES;
				GCC_OPTIMIZATION_LEVEL = 0;
				GCC_PREPROCESSOR_DEFINITIONS = (
					"DEBUG=1",
					"$(inherited)",
				);
				GCC_WARN_64_TO_32_BIT_CONVERSION = YES;
				GCC_WARN_ABOUT_RETURN_TYPE = YES_ERROR;
				GCC_WARN_UNDECLARED_SELECTOR = YES;
				GCC_WARN_UNINITIALIZED_AUTOS = YES_AGGRESSIVE;
				GCC_WARN_UNUSED_FUNCTION = YES;
				GCC_WARN_UNUSED_VARIABLE = YES;
				IPHONEOS_DEPLOYMENT_TARGET = 8.0;
				MTL_ENABLE_DEBUG_INFO = YES;
				ONLY_ACTIVE_ARCH = YES;
				SDKROOT = iphoneos;
				SWIFT_ACTIVE_COMPILATION_CONDITIONS = DEBUG;
				SWIFT_OPTIMIZATION_LEVEL = "-Onone";
			};
			name = Debug;
		};
		1FBA70262118743F0078F6AD /* Release */ = {
			isa = XCBuildConfiguration;
			buildSettings = {
				ALWAYS_SEARCH_USER_PATHS = NO;
				CLANG_ANALYZER_NONNULL = YES;
				CLANG_ANALYZER_NUMBER_OBJECT_CONVERSION = YES_AGGRESSIVE;
				CLANG_CXX_LANGUAGE_STANDARD = "gnu++14";
				CLANG_CXX_LIBRARY = "libc++";
				CLANG_ENABLE_MODULES = YES;
				CLANG_ENABLE_OBJC_ARC = YES;
				CLANG_ENABLE_OBJC_WEAK = YES;
				CLANG_WARN_BLOCK_CAPTURE_AUTORELEASING = YES;
				CLANG_WARN_BOOL_CONVERSION = YES;
				CLANG_WARN_COMMA = YES;
				CLANG_WARN_CONSTANT_CONVERSION = YES;
				CLANG_WARN_DEPRECATED_OBJC_IMPLEMENTATIONS = YES;
				CLANG_WARN_DIRECT_OBJC_ISA_USAGE = YES_ERROR;
				CLANG_WARN_DOCUMENTATION_COMMENTS = YES;
				CLANG_WARN_EMPTY_BODY = YES;
				CLANG_WARN_ENUM_CONVERSION = YES;
				CLANG_WARN_INFINITE_RECURSION = YES;
				CLANG_WARN_INT_CONVERSION = YES;
				CLANG_WARN_NON_LITERAL_NULL_CONVERSION = YES;
				CLANG_WARN_OBJC_IMPLICIT_RETAIN_SELF = YES;
				CLANG_WARN_OBJC_LITERAL_CONVERSION = YES;
				CLANG_WARN_OBJC_ROOT_CLASS = YES_ERROR;
				CLANG_WARN_RANGE_LOOP_ANALYSIS = YES;
				CLANG_WARN_STRICT_PROTOTYPES = YES;
				CLANG_WARN_SUSPICIOUS_MOVE = YES;
				CLANG_WARN_UNGUARDED_AVAILABILITY = YES_AGGRESSIVE;
				CLANG_WARN_UNREACHABLE_CODE = YES;
				CLANG_WARN__DUPLICATE_METHOD_MATCH = YES;
				CODE_SIGN_IDENTITY = "iPhone Developer";
				COPY_PHASE_STRIP = NO;
				DEBUG_INFORMATION_FORMAT = "dwarf-with-dsym";
				ENABLE_NS_ASSERTIONS = NO;
				ENABLE_STRICT_OBJC_MSGSEND = YES;
				GCC_C_LANGUAGE_STANDARD = gnu11;
				GCC_NO_COMMON_BLOCKS = YES;
				GCC_WARN_64_TO_32_BIT_CONVERSION = YES;
				GCC_WARN_ABOUT_RETURN_TYPE = YES_ERROR;
				GCC_WARN_UNDECLARED_SELECTOR = YES;
				GCC_WARN_UNINITIALIZED_AUTOS = YES_AGGRESSIVE;
				GCC_WARN_UNUSED_FUNCTION = YES;
				GCC_WARN_UNUSED_VARIABLE = YES;
				IPHONEOS_DEPLOYMENT_TARGET = 8.0;
				MTL_ENABLE_DEBUG_INFO = NO;
				SDKROOT = iphoneos;
				SWIFT_COMPILATION_MODE = wholemodule;
				SWIFT_OPTIMIZATION_LEVEL = "-O";
				VALIDATE_PRODUCT = YES;
			};
			name = Release;
		};
		1FBA70282118743F0078F6AD /* Debug */ = {
			isa = XCBuildConfiguration;
			baseConfigurationReference = 5A4624103340C8B84A69F1F1 /* Pods-cauli-ios-example.debug.xcconfig */;
			buildSettings = {
				ASSETCATALOG_COMPILER_APPICON_NAME = AppIcon;
				CODE_SIGN_STYLE = Automatic;
				DEVELOPMENT_TEAM = "";
				INFOPLIST_FILE = "cauli-ios-example/Info.plist";
				IPHONEOS_DEPLOYMENT_TARGET = 8.0;
				LD_RUNPATH_SEARCH_PATHS = (
					"$(inherited)",
					"@executable_path/Frameworks",
				);
				PRODUCT_BUNDLE_IDENTIFIER = "works.cauli.framework.ios-example";
				PRODUCT_NAME = "$(TARGET_NAME)";
				SWIFT_VERSION = 4.2;
				TARGETED_DEVICE_FAMILY = "1,2";
			};
			name = Debug;
		};
		1FBA70292118743F0078F6AD /* Release */ = {
			isa = XCBuildConfiguration;
			baseConfigurationReference = 6A7A74FEBB6E1A3206B50660 /* Pods-cauli-ios-example.release.xcconfig */;
			buildSettings = {
				ASSETCATALOG_COMPILER_APPICON_NAME = AppIcon;
				CODE_SIGN_STYLE = Automatic;
				DEVELOPMENT_TEAM = "";
				INFOPLIST_FILE = "cauli-ios-example/Info.plist";
				IPHONEOS_DEPLOYMENT_TARGET = 8.0;
				LD_RUNPATH_SEARCH_PATHS = (
					"$(inherited)",
					"@executable_path/Frameworks",
				);
				PRODUCT_BUNDLE_IDENTIFIER = "works.cauli.framework.ios-example";
				PRODUCT_NAME = "$(TARGET_NAME)";
				SWIFT_VERSION = 4.2;
				TARGETED_DEVICE_FAMILY = "1,2";
			};
			name = Release;
		};
/* End XCBuildConfiguration section */

/* Begin XCConfigurationList section */
		1FBA70102118743E0078F6AD /* Build configuration list for PBXProject "cauli-ios-example" */ = {
			isa = XCConfigurationList;
			buildConfigurations = (
				1FBA70252118743F0078F6AD /* Debug */,
				1FBA70262118743F0078F6AD /* Release */,
			);
			defaultConfigurationIsVisible = 0;
			defaultConfigurationName = Release;
		};
		1FBA70272118743F0078F6AD /* Build configuration list for PBXNativeTarget "cauli-ios-example" */ = {
			isa = XCConfigurationList;
			buildConfigurations = (
				1FBA70282118743F0078F6AD /* Debug */,
				1FBA70292118743F0078F6AD /* Release */,
			);
			defaultConfigurationIsVisible = 0;
			defaultConfigurationName = Release;
		};
/* End XCConfigurationList section */
	};
	rootObject = 1FBA700D2118743E0078F6AD /* Project object */;
}
