// !$*UTF8*$!
{
	archiveVersion = 1;
	classes = {
	};
	objectVersion = 46;
	objects = {

/* Begin PBXBuildFile section */
		1FB8447C209B3CF9004D2684 /* SwizzledURLProtocolAdapter.swift in Sources */ = {isa = PBXBuildFile; fileRef = 1FB8447B209B3CF9004D2684 /* SwizzledURLProtocolAdapter.swift */; };
		1FB8447E209B3D26004D2684 /* SingleSessionURLProtocolAdapter.swift in Sources */ = {isa = PBXBuildFile; fileRef = 1FB8447D209B3D26004D2684 /* SingleSessionURLProtocolAdapter.swift */; };
		1FEBA73D1F507C1D00B1D67A /* cauli.framework in Frameworks */ = {isa = PBXBuildFile; fileRef = 1FEBA7331F507C1D00B1D67A /* cauli.framework */; };
		1FEBA7441F507C1D00B1D67A /* cauli.h in Headers */ = {isa = PBXBuildFile; fileRef = 1FEBA7361F507C1D00B1D67A /* cauli.h */; settings = {ATTRIBUTES = (Public, ); }; };
		1FEBA7601F507C6900B1D67A /* Cauli.swift in Sources */ = {isa = PBXBuildFile; fileRef = 1FEBA74D1F507C6900B1D67A /* Cauli.swift */; };
		1FEBA7611F507C6900B1D67A /* BlackHoleFloret.swift in Sources */ = {isa = PBXBuildFile; fileRef = 1FEBA74F1F507C6900B1D67A /* BlackHoleFloret.swift */; };
		1FEBA7621F507C6900B1D67A /* FailableFloret.swift in Sources */ = {isa = PBXBuildFile; fileRef = 1FEBA7501F507C6900B1D67A /* FailableFloret.swift */; };
		1FEBA7631F507C6900B1D67A /* RegexFloret.swift in Sources */ = {isa = PBXBuildFile; fileRef = 1FEBA7511F507C6900B1D67A /* RegexFloret.swift */; };
		1FEBA7641F507C6900B1D67A /* URLRewriteFloret.swift in Sources */ = {isa = PBXBuildFile; fileRef = 1FEBA7521F507C6900B1D67A /* URLRewriteFloret.swift */; };
		1FEBA7651F507C6900B1D67A /* Adapter.swift in Sources */ = {isa = PBXBuildFile; fileRef = 1FEBA7541F507C6900B1D67A /* Adapter.swift */; };
		1FEBA7661F507C6900B1D67A /* Floret.swift in Sources */ = {isa = PBXBuildFile; fileRef = 1FEBA7551F507C6900B1D67A /* Floret.swift */; };
		1FEBA7671F507C6900B1D67A /* NetworkRecord.swift in Sources */ = {isa = PBXBuildFile; fileRef = 1FEBA7561F507C6900B1D67A /* NetworkRecord.swift */; };
		1FEBA7681F507C6900B1D67A /* Storage.swift in Sources */ = {isa = PBXBuildFile; fileRef = 1FEBA7571F507C6900B1D67A /* Storage.swift */; };
		1FEBA7691F507C6900B1D67A /* MemoryStorage.swift in Sources */ = {isa = PBXBuildFile; fileRef = 1FEBA7591F507C6900B1D67A /* MemoryStorage.swift */; };
		1FEBA76A1F507C6900B1D67A /* PrintStorage.swift in Sources */ = {isa = PBXBuildFile; fileRef = 1FEBA75A1F507C6900B1D67A /* PrintStorage.swift */; };
		1FEBA76B1F507C6900B1D67A /* StaticNetworkRecord.swift in Sources */ = {isa = PBXBuildFile; fileRef = 1FEBA75B1F507C6900B1D67A /* StaticNetworkRecord.swift */; };
		1FEBA76C1F507C6900B1D67A /* CauliURLProtocol.swift in Sources */ = {isa = PBXBuildFile; fileRef = 1FEBA75D1F507C6900B1D67A /* CauliURLProtocol.swift */; };
		1FEBA7711F507C8600B1D67A /* ComDomainFloret.swift in Sources */ = {isa = PBXBuildFile; fileRef = 1FEBA7701F507C8600B1D67A /* ComDomainFloret.swift */; };
		1FEBA7761F507C8C00B1D67A /* CauliSpecs.swift in Sources */ = {isa = PBXBuildFile; fileRef = 1FEBA7731F507C8C00B1D67A /* CauliSpecs.swift */; };
		1FEBA7771F507C8C00B1D67A /* RegexFloretSpecs.swift in Sources */ = {isa = PBXBuildFile; fileRef = 1FEBA7741F507C8C00B1D67A /* RegexFloretSpecs.swift */; };
		1FEBA7781F507C8C00B1D67A /* URLRewriteFloretSpec.swift in Sources */ = {isa = PBXBuildFile; fileRef = 1FEBA7751F507C8C00B1D67A /* URLRewriteFloretSpec.swift */; };
		744519B2B7D587A890395A1E /* Pods_cauli.framework in Frameworks */ = {isa = PBXBuildFile; fileRef = 77462D9C973C06A250D97C70 /* Pods_cauli.framework */; };
		897BAF9DE57F5661654D167A /* Pods_cauliTests.framework in Frameworks */ = {isa = PBXBuildFile; fileRef = 620546DE984EEE8B82AE5554 /* Pods_cauliTests.framework */; };
/* End PBXBuildFile section */

/* Begin PBXContainerItemProxy section */
		1FEBA73E1F507C1D00B1D67A /* PBXContainerItemProxy */ = {
			isa = PBXContainerItemProxy;
			containerPortal = 1FEBA72A1F507C1D00B1D67A /* Project object */;
			proxyType = 1;
			remoteGlobalIDString = 1FEBA7321F507C1D00B1D67A;
			remoteInfo = cauli;
		};
/* End PBXContainerItemProxy section */

/* Begin PBXFileReference section */
		0037452172F0699B4B491CA4 /* Pods-cauliTests.debug.xcconfig */ = {isa = PBXFileReference; includeInIndex = 1; lastKnownFileType = text.xcconfig; name = "Pods-cauliTests.debug.xcconfig"; path = "Pods/Target Support Files/Pods-cauliTests/Pods-cauliTests.debug.xcconfig"; sourceTree = "<group>"; };
		1FB8447B209B3CF9004D2684 /* SwizzledURLProtocolAdapter.swift */ = {isa = PBXFileReference; fileEncoding = 4; lastKnownFileType = sourcecode.swift; path = SwizzledURLProtocolAdapter.swift; sourceTree = "<group>"; };
		1FB8447D209B3D26004D2684 /* SingleSessionURLProtocolAdapter.swift */ = {isa = PBXFileReference; lastKnownFileType = sourcecode.swift; path = SingleSessionURLProtocolAdapter.swift; sourceTree = "<group>"; };
		1FEBA7331F507C1D00B1D67A /* cauli.framework */ = {isa = PBXFileReference; explicitFileType = wrapper.framework; includeInIndex = 0; path = cauli.framework; sourceTree = BUILT_PRODUCTS_DIR; };
		1FEBA7361F507C1D00B1D67A /* cauli.h */ = {isa = PBXFileReference; lastKnownFileType = sourcecode.c.h; path = cauli.h; sourceTree = "<group>"; };
		1FEBA7371F507C1D00B1D67A /* Info.plist */ = {isa = PBXFileReference; lastKnownFileType = text.plist.xml; path = Info.plist; sourceTree = "<group>"; };
		1FEBA73C1F507C1D00B1D67A /* cauliTests.xctest */ = {isa = PBXFileReference; explicitFileType = wrapper.cfbundle; includeInIndex = 0; path = cauliTests.xctest; sourceTree = BUILT_PRODUCTS_DIR; };
		1FEBA7431F507C1D00B1D67A /* Info.plist */ = {isa = PBXFileReference; lastKnownFileType = text.plist.xml; path = Info.plist; sourceTree = "<group>"; };
		1FEBA74D1F507C6900B1D67A /* Cauli.swift */ = {isa = PBXFileReference; fileEncoding = 4; lastKnownFileType = sourcecode.swift; path = Cauli.swift; sourceTree = "<group>"; };
		1FEBA74F1F507C6900B1D67A /* BlackHoleFloret.swift */ = {isa = PBXFileReference; fileEncoding = 4; lastKnownFileType = sourcecode.swift; path = BlackHoleFloret.swift; sourceTree = "<group>"; };
		1FEBA7501F507C6900B1D67A /* FailableFloret.swift */ = {isa = PBXFileReference; fileEncoding = 4; lastKnownFileType = sourcecode.swift; path = FailableFloret.swift; sourceTree = "<group>"; };
		1FEBA7511F507C6900B1D67A /* RegexFloret.swift */ = {isa = PBXFileReference; fileEncoding = 4; lastKnownFileType = sourcecode.swift; path = RegexFloret.swift; sourceTree = "<group>"; };
		1FEBA7521F507C6900B1D67A /* URLRewriteFloret.swift */ = {isa = PBXFileReference; fileEncoding = 4; lastKnownFileType = sourcecode.swift; path = URLRewriteFloret.swift; sourceTree = "<group>"; };
		1FEBA7541F507C6900B1D67A /* Adapter.swift */ = {isa = PBXFileReference; fileEncoding = 4; lastKnownFileType = sourcecode.swift; path = Adapter.swift; sourceTree = "<group>"; };
		1FEBA7551F507C6900B1D67A /* Floret.swift */ = {isa = PBXFileReference; fileEncoding = 4; lastKnownFileType = sourcecode.swift; path = Floret.swift; sourceTree = "<group>"; };
		1FEBA7561F507C6900B1D67A /* NetworkRecord.swift */ = {isa = PBXFileReference; fileEncoding = 4; lastKnownFileType = sourcecode.swift; path = NetworkRecord.swift; sourceTree = "<group>"; };
		1FEBA7571F507C6900B1D67A /* Storage.swift */ = {isa = PBXFileReference; fileEncoding = 4; lastKnownFileType = sourcecode.swift; path = Storage.swift; sourceTree = "<group>"; };
		1FEBA7591F507C6900B1D67A /* MemoryStorage.swift */ = {isa = PBXFileReference; fileEncoding = 4; lastKnownFileType = sourcecode.swift; path = MemoryStorage.swift; sourceTree = "<group>"; };
		1FEBA75A1F507C6900B1D67A /* PrintStorage.swift */ = {isa = PBXFileReference; fileEncoding = 4; lastKnownFileType = sourcecode.swift; path = PrintStorage.swift; sourceTree = "<group>"; };
		1FEBA75B1F507C6900B1D67A /* StaticNetworkRecord.swift */ = {isa = PBXFileReference; fileEncoding = 4; lastKnownFileType = sourcecode.swift; path = StaticNetworkRecord.swift; sourceTree = "<group>"; };
		1FEBA75D1F507C6900B1D67A /* CauliURLProtocol.swift */ = {isa = PBXFileReference; fileEncoding = 4; lastKnownFileType = sourcecode.swift; path = CauliURLProtocol.swift; sourceTree = "<group>"; };
		1FEBA7701F507C8600B1D67A /* ComDomainFloret.swift */ = {isa = PBXFileReference; fileEncoding = 4; lastKnownFileType = sourcecode.swift; path = ComDomainFloret.swift; sourceTree = "<group>"; };
		1FEBA7731F507C8C00B1D67A /* CauliSpecs.swift */ = {isa = PBXFileReference; fileEncoding = 4; lastKnownFileType = sourcecode.swift; path = CauliSpecs.swift; sourceTree = "<group>"; };
		1FEBA7741F507C8C00B1D67A /* RegexFloretSpecs.swift */ = {isa = PBXFileReference; fileEncoding = 4; lastKnownFileType = sourcecode.swift; path = RegexFloretSpecs.swift; sourceTree = "<group>"; };
		1FEBA7751F507C8C00B1D67A /* URLRewriteFloretSpec.swift */ = {isa = PBXFileReference; fileEncoding = 4; lastKnownFileType = sourcecode.swift; path = URLRewriteFloretSpec.swift; sourceTree = "<group>"; };
		5625247FD7123A3A110B3910 /* Pods-cauli.release.xcconfig */ = {isa = PBXFileReference; includeInIndex = 1; lastKnownFileType = text.xcconfig; name = "Pods-cauli.release.xcconfig"; path = "Pods/Target Support Files/Pods-cauli/Pods-cauli.release.xcconfig"; sourceTree = "<group>"; };
		620546DE984EEE8B82AE5554 /* Pods_cauliTests.framework */ = {isa = PBXFileReference; explicitFileType = wrapper.framework; includeInIndex = 0; path = Pods_cauliTests.framework; sourceTree = BUILT_PRODUCTS_DIR; };
		77462D9C973C06A250D97C70 /* Pods_cauli.framework */ = {isa = PBXFileReference; explicitFileType = wrapper.framework; includeInIndex = 0; path = Pods_cauli.framework; sourceTree = BUILT_PRODUCTS_DIR; };
		7F3C42B87F272CB13B7213C2 /* Pods-cauli.debug.xcconfig */ = {isa = PBXFileReference; includeInIndex = 1; lastKnownFileType = text.xcconfig; name = "Pods-cauli.debug.xcconfig"; path = "Pods/Target Support Files/Pods-cauli/Pods-cauli.debug.xcconfig"; sourceTree = "<group>"; };
		D00D29CFEB09E4DD95567559 /* Pods-cauliTests.release.xcconfig */ = {isa = PBXFileReference; includeInIndex = 1; lastKnownFileType = text.xcconfig; name = "Pods-cauliTests.release.xcconfig"; path = "Pods/Target Support Files/Pods-cauliTests/Pods-cauliTests.release.xcconfig"; sourceTree = "<group>"; };
/* End PBXFileReference section */

/* Begin PBXFrameworksBuildPhase section */
		1FEBA72F1F507C1D00B1D67A /* Frameworks */ = {
			isa = PBXFrameworksBuildPhase;
			buildActionMask = 2147483647;
			files = (
				744519B2B7D587A890395A1E /* Pods_cauli.framework in Frameworks */,
			);
			runOnlyForDeploymentPostprocessing = 0;
		};
		1FEBA7391F507C1D00B1D67A /* Frameworks */ = {
			isa = PBXFrameworksBuildPhase;
			buildActionMask = 2147483647;
			files = (
				1FEBA73D1F507C1D00B1D67A /* cauli.framework in Frameworks */,
				897BAF9DE57F5661654D167A /* Pods_cauliTests.framework in Frameworks */,
			);
			runOnlyForDeploymentPostprocessing = 0;
		};
/* End PBXFrameworksBuildPhase section */

/* Begin PBXGroup section */
		1FEBA7291F507C1D00B1D67A = {
			isa = PBXGroup;
			children = (
				1FEBA7351F507C1D00B1D67A /* cauli */,
				1FEBA7401F507C1D00B1D67A /* cauliTests */,
				1FEBA7341F507C1D00B1D67A /* Products */,
				7FA9FC414B3F226F540B663E /* Pods */,
				CBF1CD5A83B6A786FC98DC2C /* Frameworks */,
			);
			sourceTree = "<group>";
		};
		1FEBA7341F507C1D00B1D67A /* Products */ = {
			isa = PBXGroup;
			children = (
				1FEBA7331F507C1D00B1D67A /* cauli.framework */,
				1FEBA73C1F507C1D00B1D67A /* cauliTests.xctest */,
			);
			name = Products;
			sourceTree = "<group>";
		};
		1FEBA7351F507C1D00B1D67A /* cauli */ = {
			isa = PBXGroup;
			children = (
				1FEBA74E1F507C6900B1D67A /* Florets */,
				1FEBA7531F507C6900B1D67A /* protocols */,
				1FEBA7581F507C6900B1D67A /* Storage */,
				1FEBA75C1F507C6900B1D67A /* URLProtocolAdapter */,
				1FEBA74D1F507C6900B1D67A /* Cauli.swift */,
				1FEBA7361F507C1D00B1D67A /* cauli.h */,
				1FEBA7371F507C1D00B1D67A /* Info.plist */,
			);
			path = cauli;
			sourceTree = "<group>";
		};
		1FEBA7401F507C1D00B1D67A /* cauliTests */ = {
			isa = PBXGroup;
			children = (
				1FEBA76F1F507C8600B1D67A /* Florets */,
				1FEBA7721F507C8C00B1D67A /* Specs */,
				1FEBA7431F507C1D00B1D67A /* Info.plist */,
			);
			path = cauliTests;
			sourceTree = "<group>";
		};
		1FEBA74E1F507C6900B1D67A /* Florets */ = {
			isa = PBXGroup;
			children = (
				1FEBA74F1F507C6900B1D67A /* BlackHoleFloret.swift */,
				1FEBA7501F507C6900B1D67A /* FailableFloret.swift */,
				1FEBA7511F507C6900B1D67A /* RegexFloret.swift */,
				1FEBA7521F507C6900B1D67A /* URLRewriteFloret.swift */,
			);
			path = Florets;
			sourceTree = "<group>";
		};
		1FEBA7531F507C6900B1D67A /* protocols */ = {
			isa = PBXGroup;
			children = (
				1FEBA7541F507C6900B1D67A /* Adapter.swift */,
				1FEBA7551F507C6900B1D67A /* Floret.swift */,
				1FEBA7561F507C6900B1D67A /* NetworkRecord.swift */,
				1FEBA7571F507C6900B1D67A /* Storage.swift */,
			);
			path = protocols;
			sourceTree = "<group>";
		};
		1FEBA7581F507C6900B1D67A /* Storage */ = {
			isa = PBXGroup;
			children = (
				1FEBA7591F507C6900B1D67A /* MemoryStorage.swift */,
				1FEBA75A1F507C6900B1D67A /* PrintStorage.swift */,
				1FEBA75B1F507C6900B1D67A /* StaticNetworkRecord.swift */,
			);
			path = Storage;
			sourceTree = "<group>";
		};
		1FEBA75C1F507C6900B1D67A /* URLProtocolAdapter */ = {
			isa = PBXGroup;
			children = (
				1FB8447B209B3CF9004D2684 /* SwizzledURLProtocolAdapter.swift */,
				1FEBA75D1F507C6900B1D67A /* CauliURLProtocol.swift */,
				1FB8447D209B3D26004D2684 /* SingleSessionURLProtocolAdapter.swift */,
			);
			path = URLProtocolAdapter;
			sourceTree = "<group>";
		};
		1FEBA76F1F507C8600B1D67A /* Florets */ = {
			isa = PBXGroup;
			children = (
				1FEBA7701F507C8600B1D67A /* ComDomainFloret.swift */,
			);
			path = Florets;
			sourceTree = "<group>";
		};
		1FEBA7721F507C8C00B1D67A /* Specs */ = {
			isa = PBXGroup;
			children = (
				1FEBA7731F507C8C00B1D67A /* CauliSpecs.swift */,
				1FEBA7741F507C8C00B1D67A /* RegexFloretSpecs.swift */,
				1FEBA7751F507C8C00B1D67A /* URLRewriteFloretSpec.swift */,
			);
			path = Specs;
			sourceTree = "<group>";
		};
		7FA9FC414B3F226F540B663E /* Pods */ = {
			isa = PBXGroup;
			children = (
				7F3C42B87F272CB13B7213C2 /* Pods-cauli.debug.xcconfig */,
				5625247FD7123A3A110B3910 /* Pods-cauli.release.xcconfig */,
				0037452172F0699B4B491CA4 /* Pods-cauliTests.debug.xcconfig */,
				D00D29CFEB09E4DD95567559 /* Pods-cauliTests.release.xcconfig */,
			);
			name = Pods;
			sourceTree = "<group>";
		};
		CBF1CD5A83B6A786FC98DC2C /* Frameworks */ = {
			isa = PBXGroup;
			children = (
				77462D9C973C06A250D97C70 /* Pods_cauli.framework */,
				620546DE984EEE8B82AE5554 /* Pods_cauliTests.framework */,
			);
			name = Frameworks;
			sourceTree = "<group>";
		};
/* End PBXGroup section */

/* Begin PBXHeadersBuildPhase section */
		1FEBA7301F507C1D00B1D67A /* Headers */ = {
			isa = PBXHeadersBuildPhase;
			buildActionMask = 2147483647;
			files = (
				1FEBA7441F507C1D00B1D67A /* cauli.h in Headers */,
			);
			runOnlyForDeploymentPostprocessing = 0;
		};
/* End PBXHeadersBuildPhase section */

/* Begin PBXNativeTarget section */
		1FEBA7321F507C1D00B1D67A /* cauli */ = {
			isa = PBXNativeTarget;
			buildConfigurationList = 1FEBA7471F507C1D00B1D67A /* Build configuration list for PBXNativeTarget "cauli" */;
			buildPhases = (
				FDB87554241B2802D533AB79 /* [CP] Check Pods Manifest.lock */,
				1FEBA72E1F507C1D00B1D67A /* Sources */,
				1FEBA72F1F507C1D00B1D67A /* Frameworks */,
				1FEBA7301F507C1D00B1D67A /* Headers */,
				1FEBA7311F507C1D00B1D67A /* Resources */,
			);
			buildRules = (
			);
			dependencies = (
			);
			name = cauli;
			productName = cauli;
			productReference = 1FEBA7331F507C1D00B1D67A /* cauli.framework */;
			productType = "com.apple.product-type.framework";
		};
		1FEBA73B1F507C1D00B1D67A /* cauliTests */ = {
			isa = PBXNativeTarget;
			buildConfigurationList = 1FEBA74A1F507C1D00B1D67A /* Build configuration list for PBXNativeTarget "cauliTests" */;
			buildPhases = (
				FB0D417A51CB387C186EC352 /* [CP] Check Pods Manifest.lock */,
				1FEBA7381F507C1D00B1D67A /* Sources */,
				1FEBA7391F507C1D00B1D67A /* Frameworks */,
				1FEBA73A1F507C1D00B1D67A /* Resources */,
				7317E68D3FC67E3293895DDD /* [CP] Embed Pods Frameworks */,
			);
			buildRules = (
			);
			dependencies = (
				1FEBA73F1F507C1D00B1D67A /* PBXTargetDependency */,
			);
			name = cauliTests;
			productName = cauliTests;
			productReference = 1FEBA73C1F507C1D00B1D67A /* cauliTests.xctest */;
			productType = "com.apple.product-type.bundle.unit-test";
		};
/* End PBXNativeTarget section */

/* Begin PBXProject section */
		1FEBA72A1F507C1D00B1D67A /* Project object */ = {
			isa = PBXProject;
			attributes = {
				LastSwiftUpdateCheck = 0830;
				LastUpgradeCheck = 0830;
				ORGANIZATIONNAME = "TBO Interactive GmbH & CO KG";
				TargetAttributes = {
					1FEBA7321F507C1D00B1D67A = {
						CreatedOnToolsVersion = 8.3.3;
						LastSwiftMigration = 0830;
						ProvisioningStyle = Automatic;
					};
					1FEBA73B1F507C1D00B1D67A = {
						CreatedOnToolsVersion = 8.3.3;
						ProvisioningStyle = Automatic;
					};
				};
			};
			buildConfigurationList = 1FEBA72D1F507C1D00B1D67A /* Build configuration list for PBXProject "cauli" */;
			compatibilityVersion = "Xcode 3.2";
			developmentRegion = English;
			hasScannedForEncodings = 0;
			knownRegions = (
				en,
			);
			mainGroup = 1FEBA7291F507C1D00B1D67A;
			productRefGroup = 1FEBA7341F507C1D00B1D67A /* Products */;
			projectDirPath = "";
			projectRoot = "";
			targets = (
				1FEBA7321F507C1D00B1D67A /* cauli */,
				1FEBA73B1F507C1D00B1D67A /* cauliTests */,
			);
		};
/* End PBXProject section */

/* Begin PBXResourcesBuildPhase section */
		1FEBA7311F507C1D00B1D67A /* Resources */ = {
			isa = PBXResourcesBuildPhase;
			buildActionMask = 2147483647;
			files = (
			);
			runOnlyForDeploymentPostprocessing = 0;
		};
		1FEBA73A1F507C1D00B1D67A /* Resources */ = {
			isa = PBXResourcesBuildPhase;
			buildActionMask = 2147483647;
			files = (
			);
			runOnlyForDeploymentPostprocessing = 0;
		};
/* End PBXResourcesBuildPhase section */

/* Begin PBXShellScriptBuildPhase section */
		7317E68D3FC67E3293895DDD /* [CP] Embed Pods Frameworks */ = {
			isa = PBXShellScriptBuildPhase;
			buildActionMask = 2147483647;
			files = (
			);
			inputPaths = (
				"${SRCROOT}/Pods/Target Support Files/Pods-cauliTests/Pods-cauliTests-frameworks.sh",
				"${BUILT_PRODUCTS_DIR}/FBSnapshotTestCase/FBSnapshotTestCase.framework",
				"${BUILT_PRODUCTS_DIR}/Nimble/Nimble.framework",
				"${BUILT_PRODUCTS_DIR}/Nimble-Snapshots/Nimble_Snapshots.framework",
				"${BUILT_PRODUCTS_DIR}/Quick/Quick.framework",
			);
			name = "[CP] Embed Pods Frameworks";
			outputPaths = (
				"${TARGET_BUILD_DIR}/${FRAMEWORKS_FOLDER_PATH}/FBSnapshotTestCase.framework",
				"${TARGET_BUILD_DIR}/${FRAMEWORKS_FOLDER_PATH}/Nimble.framework",
				"${TARGET_BUILD_DIR}/${FRAMEWORKS_FOLDER_PATH}/Nimble_Snapshots.framework",
				"${TARGET_BUILD_DIR}/${FRAMEWORKS_FOLDER_PATH}/Quick.framework",
			);
			runOnlyForDeploymentPostprocessing = 0;
			shellPath = /bin/sh;
			shellScript = "\"${SRCROOT}/Pods/Target Support Files/Pods-cauliTests/Pods-cauliTests-frameworks.sh\"\n";
			showEnvVarsInLog = 0;
		};
		FB0D417A51CB387C186EC352 /* [CP] Check Pods Manifest.lock */ = {
			isa = PBXShellScriptBuildPhase;
			buildActionMask = 2147483647;
			files = (
			);
			inputPaths = (
				"${PODS_PODFILE_DIR_PATH}/Podfile.lock",
				"${PODS_ROOT}/Manifest.lock",
			);
			name = "[CP] Check Pods Manifest.lock";
			outputPaths = (
				"$(DERIVED_FILE_DIR)/Pods-cauliTests-checkManifestLockResult.txt",
			);
			runOnlyForDeploymentPostprocessing = 0;
			shellPath = /bin/sh;
			shellScript = "diff \"${PODS_PODFILE_DIR_PATH}/Podfile.lock\" \"${PODS_ROOT}/Manifest.lock\" > /dev/null\nif [ $? != 0 ] ; then\n    # print error to STDERR\n    echo \"error: The sandbox is not in sync with the Podfile.lock. Run 'pod install' or update your CocoaPods installation.\" >&2\n    exit 1\nfi\n# This output is used by Xcode 'outputs' to avoid re-running this script phase.\necho \"SUCCESS\" > \"${SCRIPT_OUTPUT_FILE_0}\"\n";
			showEnvVarsInLog = 0;
		};
		FDB87554241B2802D533AB79 /* [CP] Check Pods Manifest.lock */ = {
			isa = PBXShellScriptBuildPhase;
			buildActionMask = 2147483647;
			files = (
			);
			inputPaths = (
				"${PODS_PODFILE_DIR_PATH}/Podfile.lock",
				"${PODS_ROOT}/Manifest.lock",
			);
			name = "[CP] Check Pods Manifest.lock";
			outputPaths = (
				"$(DERIVED_FILE_DIR)/Pods-cauli-checkManifestLockResult.txt",
			);
			runOnlyForDeploymentPostprocessing = 0;
			shellPath = /bin/sh;
			shellScript = "diff \"${PODS_PODFILE_DIR_PATH}/Podfile.lock\" \"${PODS_ROOT}/Manifest.lock\" > /dev/null\nif [ $? != 0 ] ; then\n    # print error to STDERR\n    echo \"error: The sandbox is not in sync with the Podfile.lock. Run 'pod install' or update your CocoaPods installation.\" >&2\n    exit 1\nfi\n# This output is used by Xcode 'outputs' to avoid re-running this script phase.\necho \"SUCCESS\" > \"${SCRIPT_OUTPUT_FILE_0}\"\n";
			showEnvVarsInLog = 0;
		};
/* End PBXShellScriptBuildPhase section */

/* Begin PBXSourcesBuildPhase section */
		1FEBA72E1F507C1D00B1D67A /* Sources */ = {
			isa = PBXSourcesBuildPhase;
			buildActionMask = 2147483647;
			files = (
				1FEBA7601F507C6900B1D67A /* Cauli.swift in Sources */,
				1FEBA7661F507C6900B1D67A /* Floret.swift in Sources */,
				1FEBA76A1F507C6900B1D67A /* PrintStorage.swift in Sources */,
				1FEBA7651F507C6900B1D67A /* Adapter.swift in Sources */,
				1FEBA7621F507C6900B1D67A /* FailableFloret.swift in Sources */,
				1FEBA7691F507C6900B1D67A /* MemoryStorage.swift in Sources */,
				1FEBA76C1F507C6900B1D67A /* CauliURLProtocol.swift in Sources */,
				1FEBA7641F507C6900B1D67A /* URLRewriteFloret.swift in Sources */,
				1FEBA7681F507C6900B1D67A /* Storage.swift in Sources */,
				1FEBA7611F507C6900B1D67A /* BlackHoleFloret.swift in Sources */,
				1FB8447C209B3CF9004D2684 /* SwizzledURLProtocolAdapter.swift in Sources */,
				1FEBA76B1F507C6900B1D67A /* StaticNetworkRecord.swift in Sources */,
				1FB8447E209B3D26004D2684 /* SingleSessionURLProtocolAdapter.swift in Sources */,
				1FEBA7631F507C6900B1D67A /* RegexFloret.swift in Sources */,
				1FEBA7671F507C6900B1D67A /* NetworkRecord.swift in Sources */,
			);
			runOnlyForDeploymentPostprocessing = 0;
		};
		1FEBA7381F507C1D00B1D67A /* Sources */ = {
			isa = PBXSourcesBuildPhase;
			buildActionMask = 2147483647;
			files = (
				1FEBA7771F507C8C00B1D67A /* RegexFloretSpecs.swift in Sources */,
				1FEBA7781F507C8C00B1D67A /* URLRewriteFloretSpec.swift in Sources */,
				1FEBA7711F507C8600B1D67A /* ComDomainFloret.swift in Sources */,
				1FEBA7761F507C8C00B1D67A /* CauliSpecs.swift in Sources */,
			);
			runOnlyForDeploymentPostprocessing = 0;
		};
/* End PBXSourcesBuildPhase section */

/* Begin PBXTargetDependency section */
		1FEBA73F1F507C1D00B1D67A /* PBXTargetDependency */ = {
			isa = PBXTargetDependency;
			target = 1FEBA7321F507C1D00B1D67A /* cauli */;
			targetProxy = 1FEBA73E1F507C1D00B1D67A /* PBXContainerItemProxy */;
		};
/* End PBXTargetDependency section */

/* Begin XCBuildConfiguration section */
		1FEBA7451F507C1D00B1D67A /* Debug */ = {
			isa = XCBuildConfiguration;
			buildSettings = {
				ALWAYS_SEARCH_USER_PATHS = NO;
				CLANG_ANALYZER_NONNULL = YES;
				CLANG_ANALYZER_NUMBER_OBJECT_CONVERSION = YES_AGGRESSIVE;
				CLANG_CXX_LANGUAGE_STANDARD = "gnu++0x";
				CLANG_CXX_LIBRARY = "libc++";
				CLANG_ENABLE_MODULES = YES;
				CLANG_ENABLE_OBJC_ARC = YES;
				CLANG_WARN_BOOL_CONVERSION = YES;
				CLANG_WARN_CONSTANT_CONVERSION = YES;
				CLANG_WARN_DIRECT_OBJC_ISA_USAGE = YES_ERROR;
				CLANG_WARN_DOCUMENTATION_COMMENTS = YES;
				CLANG_WARN_EMPTY_BODY = YES;
				CLANG_WARN_ENUM_CONVERSION = YES;
				CLANG_WARN_INFINITE_RECURSION = YES;
				CLANG_WARN_INT_CONVERSION = YES;
				CLANG_WARN_OBJC_ROOT_CLASS = YES_ERROR;
				CLANG_WARN_SUSPICIOUS_MOVE = YES;
				CLANG_WARN_UNREACHABLE_CODE = YES;
				CLANG_WARN__DUPLICATE_METHOD_MATCH = YES;
				"CODE_SIGN_IDENTITY[sdk=iphoneos*]" = "iPhone Developer";
				COPY_PHASE_STRIP = NO;
				CURRENT_PROJECT_VERSION = 1;
				DEBUG_INFORMATION_FORMAT = dwarf;
				ENABLE_STRICT_OBJC_MSGSEND = YES;
				ENABLE_TESTABILITY = YES;
				GCC_C_LANGUAGE_STANDARD = gnu99;
				GCC_DYNAMIC_NO_PIC = NO;
				GCC_NO_COMMON_BLOCKS = YES;
				GCC_OPTIMIZATION_LEVEL = 0;
				GCC_PREPROCESSOR_DEFINITIONS = (
					"DEBUG=1",
					"$(inherited)",
				);
				GCC_WARN_64_TO_32_BIT_CONVERSION = YES;
				GCC_WARN_ABOUT_RETURN_TYPE = YES_ERROR;
				GCC_WARN_UNDECLARED_SELECTOR = YES;
				GCC_WARN_UNINITIALIZED_AUTOS = YES_AGGRESSIVE;
				GCC_WARN_UNUSED_FUNCTION = YES;
				GCC_WARN_UNUSED_VARIABLE = YES;
				IPHONEOS_DEPLOYMENT_TARGET = 10.3;
				MTL_ENABLE_DEBUG_INFO = YES;
				ONLY_ACTIVE_ARCH = YES;
				SDKROOT = iphoneos;
				SWIFT_ACTIVE_COMPILATION_CONDITIONS = DEBUG;
				SWIFT_OPTIMIZATION_LEVEL = "-Onone";
				TARGETED_DEVICE_FAMILY = "1,2";
				VERSIONING_SYSTEM = "apple-generic";
				VERSION_INFO_PREFIX = "";
			};
			name = Debug;
		};
		1FEBA7461F507C1D00B1D67A /* Release */ = {
			isa = XCBuildConfiguration;
			buildSettings = {
				ALWAYS_SEARCH_USER_PATHS = NO;
				CLANG_ANALYZER_NONNULL = YES;
				CLANG_ANALYZER_NUMBER_OBJECT_CONVERSION = YES_AGGRESSIVE;
				CLANG_CXX_LANGUAGE_STANDARD = "gnu++0x";
				CLANG_CXX_LIBRARY = "libc++";
				CLANG_ENABLE_MODULES = YES;
				CLANG_ENABLE_OBJC_ARC = YES;
				CLANG_WARN_BOOL_CONVERSION = YES;
				CLANG_WARN_CONSTANT_CONVERSION = YES;
				CLANG_WARN_DIRECT_OBJC_ISA_USAGE = YES_ERROR;
				CLANG_WARN_DOCUMENTATION_COMMENTS = YES;
				CLANG_WARN_EMPTY_BODY = YES;
				CLANG_WARN_ENUM_CONVERSION = YES;
				CLANG_WARN_INFINITE_RECURSION = YES;
				CLANG_WARN_INT_CONVERSION = YES;
				CLANG_WARN_OBJC_ROOT_CLASS = YES_ERROR;
				CLANG_WARN_SUSPICIOUS_MOVE = YES;
				CLANG_WARN_UNREACHABLE_CODE = YES;
				CLANG_WARN__DUPLICATE_METHOD_MATCH = YES;
				"CODE_SIGN_IDENTITY[sdk=iphoneos*]" = "iPhone Developer";
				COPY_PHASE_STRIP = NO;
				CURRENT_PROJECT_VERSION = 1;
				DEBUG_INFORMATION_FORMAT = "dwarf-with-dsym";
				ENABLE_NS_ASSERTIONS = NO;
				ENABLE_STRICT_OBJC_MSGSEND = YES;
				GCC_C_LANGUAGE_STANDARD = gnu99;
				GCC_NO_COMMON_BLOCKS = YES;
				GCC_WARN_64_TO_32_BIT_CONVERSION = YES;
				GCC_WARN_ABOUT_RETURN_TYPE = YES_ERROR;
				GCC_WARN_UNDECLARED_SELECTOR = YES;
				GCC_WARN_UNINITIALIZED_AUTOS = YES_AGGRESSIVE;
				GCC_WARN_UNUSED_FUNCTION = YES;
				GCC_WARN_UNUSED_VARIABLE = YES;
				IPHONEOS_DEPLOYMENT_TARGET = 10.3;
				MTL_ENABLE_DEBUG_INFO = NO;
				SDKROOT = iphoneos;
				SWIFT_OPTIMIZATION_LEVEL = "-Owholemodule";
				TARGETED_DEVICE_FAMILY = "1,2";
				VALIDATE_PRODUCT = YES;
				VERSIONING_SYSTEM = "apple-generic";
				VERSION_INFO_PREFIX = "";
			};
			name = Release;
		};
		1FEBA7481F507C1D00B1D67A /* Debug */ = {
			isa = XCBuildConfiguration;
			baseConfigurationReference = 7F3C42B87F272CB13B7213C2 /* Pods-cauli.debug.xcconfig */;
			buildSettings = {
				CLANG_ENABLE_MODULES = YES;
				CODE_SIGN_IDENTITY = "";
				DEFINES_MODULE = YES;
				DYLIB_COMPATIBILITY_VERSION = 1;
				DYLIB_CURRENT_VERSION = 1;
				DYLIB_INSTALL_NAME_BASE = "@rpath";
				INFOPLIST_FILE = cauli/Info.plist;
				INSTALL_PATH = "$(LOCAL_LIBRARY_DIR)/Frameworks";
				LD_RUNPATH_SEARCH_PATHS = "$(inherited) @executable_path/Frameworks @loader_path/Frameworks";
				PRODUCT_BUNDLE_IDENTIFIER = com.tbointeractive.cauli;
				PRODUCT_NAME = "$(TARGET_NAME)";
				SKIP_INSTALL = YES;
				SWIFT_OPTIMIZATION_LEVEL = "-Onone";
				SWIFT_VERSION = 3.0;
			};
			name = Debug;
		};
		1FEBA7491F507C1D00B1D67A /* Release */ = {
			isa = XCBuildConfiguration;
			baseConfigurationReference = 5625247FD7123A3A110B3910 /* Pods-cauli.release.xcconfig */;
			buildSettings = {
				CLANG_ENABLE_MODULES = YES;
				CODE_SIGN_IDENTITY = "";
				DEFINES_MODULE = YES;
				DYLIB_COMPATIBILITY_VERSION = 1;
				DYLIB_CURRENT_VERSION = 1;
				DYLIB_INSTALL_NAME_BASE = "@rpath";
				INFOPLIST_FILE = cauli/Info.plist;
				INSTALL_PATH = "$(LOCAL_LIBRARY_DIR)/Frameworks";
				LD_RUNPATH_SEARCH_PATHS = "$(inherited) @executable_path/Frameworks @loader_path/Frameworks";
				PRODUCT_BUNDLE_IDENTIFIER = com.tbointeractive.cauli;
				PRODUCT_NAME = "$(TARGET_NAME)";
				SKIP_INSTALL = YES;
				SWIFT_VERSION = 3.0;
			};
			name = Release;
		};
		1FEBA74B1F507C1D00B1D67A /* Debug */ = {
			isa = XCBuildConfiguration;
			baseConfigurationReference = 0037452172F0699B4B491CA4 /* Pods-cauliTests.debug.xcconfig */;
			buildSettings = {
				ALWAYS_EMBED_SWIFT_STANDARD_LIBRARIES = YES;
				INFOPLIST_FILE = cauliTests/Info.plist;
				LD_RUNPATH_SEARCH_PATHS = "$(inherited) @executable_path/Frameworks @loader_path/Frameworks";
				PRODUCT_BUNDLE_IDENTIFIER = com.tbointeractive.cauliTests;
				PRODUCT_NAME = "$(TARGET_NAME)";
				SWIFT_VERSION = 3.0;
			};
			name = Debug;
		};
		1FEBA74C1F507C1D00B1D67A /* Release */ = {
			isa = XCBuildConfiguration;
			baseConfigurationReference = D00D29CFEB09E4DD95567559 /* Pods-cauliTests.release.xcconfig */;
			buildSettings = {
				ALWAYS_EMBED_SWIFT_STANDARD_LIBRARIES = YES;
				INFOPLIST_FILE = cauliTests/Info.plist;
				LD_RUNPATH_SEARCH_PATHS = "$(inherited) @executable_path/Frameworks @loader_path/Frameworks";
				PRODUCT_BUNDLE_IDENTIFIER = com.tbointeractive.cauliTests;
				PRODUCT_NAME = "$(TARGET_NAME)";
				SWIFT_VERSION = 3.0;
			};
			name = Release;
		};
/* End XCBuildConfiguration section */

/* Begin XCConfigurationList section */
		1FEBA72D1F507C1D00B1D67A /* Build configuration list for PBXProject "cauli" */ = {
			isa = XCConfigurationList;
			buildConfigurations = (
				1FEBA7451F507C1D00B1D67A /* Debug */,
				1FEBA7461F507C1D00B1D67A /* Release */,
			);
			defaultConfigurationIsVisible = 0;
			defaultConfigurationName = Release;
		};
		1FEBA7471F507C1D00B1D67A /* Build configuration list for PBXNativeTarget "cauli" */ = {
			isa = XCConfigurationList;
			buildConfigurations = (
				1FEBA7481F507C1D00B1D67A /* Debug */,
				1FEBA7491F507C1D00B1D67A /* Release */,
			);
			defaultConfigurationIsVisible = 0;
			defaultConfigurationName = Release;
		};
		1FEBA74A1F507C1D00B1D67A /* Build configuration list for PBXNativeTarget "cauliTests" */ = {
			isa = XCConfigurationList;
			buildConfigurations = (
				1FEBA74B1F507C1D00B1D67A /* Debug */,
				1FEBA74C1F507C1D00B1D67A /* Release */,
			);
			defaultConfigurationIsVisible = 0;
			defaultConfigurationName = Release;
		};
/* End XCConfigurationList section */
	};
	rootObject = 1FEBA72A1F507C1D00B1D67A /* Project object */;
}
